<?xml version="1.0" encoding="UTF-8"?>
<CodeBlocks_project_file>
	<FileVersion major="1" minor="6"/>
	<Project>
		<Option title="xdg-desktop-portal-kde"/>
		<Option makefile_is_custom="1"/>
		<Option compiler="gcc"/>
		<Option virtualFolders="CMake Files\;CMake Files\..\;CMake Files\..\..\;CMake Files\..\..\..\;CMake Files\..\..\..\..\;CMake Files\..\..\..\..\..\;CMake Files\..\..\..\..\..\usr\;CMake Files\..\..\..\..\..\usr\share\;CMake Files\..\..\..\..\..\usr\share\ECM\;CMake Files\..\..\..\..\..\usr\share\ECM\cmake\;CMake Files\..\..\..\..\..\usr\share\ECM\modules\;CMake Files\..\..\..\..\..\usr\share\ECM\kde-modules\;CMake Files\..\..\..\..\..\usr\share\ECM\find-modules\;CMake Files\..\..\..\..\..\usr\lib\;CMake Files\..\..\..\..\..\usr\lib\aarch64-linux-gnu\;CMake Files\..\..\..\..\..\usr\lib\aarch64-linux-gnu\cmake\;CMake Files\..\..\..\..\..\usr\lib\aarch64-linux-gnu\cmake\Qt5Core\;CMake Files\..\..\..\..\..\usr\lib\aarch64-linux-gnu\cmake\Qt5\;CMake Files\..\..\..\..\..\usr\lib\aarch64-linux-gnu\cmake\Qt5Concurrent\;CMake Files\..\..\..\..\..\usr\lib\aarch64-linux-gnu\cmake\Qt5DBus\;CMake Files\..\..\..\..\..\usr\lib\aarch64-linux-gnu\cmake\Qt5PrintSupport\;CMake Files\..\..\..\..\..\usr\lib\aarch64-linux-gnu\cmake\Qt5Widgets\;CMake Files\..\..\..\..\..\usr\lib\aarch64-linux-gnu\cmake\Qt5Gui\;CMake Files\..\..\..\..\..\usr\lib\aarch64-linux-gnu\cmake\KF5CoreAddons\;CMake Files\..\..\..\..\..\usr\lib\aarch64-linux-gnu\cmake\KF5Config\;CMake Files\..\..\..\..\..\usr\lib\aarch64-linux-gnu\cmake\Qt5Xml\;CMake Files\..\..\..\..\..\usr\lib\aarch64-linux-gnu\cmake\KF5I18n\;CMake Files\..\..\..\..\..\usr\lib\aarch64-linux-gnu\cmake\KF5KIO\;CMake Files\..\..\..\..\..\usr\lib\aarch64-linux-gnu\cmake\KF5Service\;CMake Files\..\..\..\..\..\usr\lib\aarch64-linux-gnu\cmake\KF5Bookmarks\;CMake Files\..\..\..\..\..\usr\lib\aarch64-linux-gnu\cmake\KF5WidgetsAddons\;CMake Files\..\..\..\..\..\usr\lib\aarch64-linux-gnu\cmake\KF5Completion\;CMake Files\..\..\..\..\..\usr\lib\aarch64-linux-gnu\cmake\KF5ItemViews\;CMake Files\..\..\..\..\..\usr\lib\aarch64-linux-gnu\cmake\KF5JobWidgets\;CMake Files\..\..\..\..\..\usr\lib\aarch64-linux-gnu\cmake\KF5Solid\;CMake Files\..\..\..\..\..\usr\lib\aarch64-linux-gnu\cmake\KF5XmlGui\;CMake Files\..\..\..\..\..\usr\lib\aarch64-linux-gnu\cmake\KF5ConfigWidgets\;CMake Files\..\..\..\..\..\usr\lib\aarch64-linux-gnu\cmake\KF5Auth\;CMake Files\..\..\..\..\..\usr\lib\aarch64-linux-gnu\cmake\KF5Codecs\;CMake Files\..\..\..\..\..\usr\lib\aarch64-linux-gnu\cmake\Qt5Network\;CMake Files\..\..\..\..\..\usr\lib\aarch64-linux-gnu\cmake\KF5Notifications\;CMake Files\..\..\..\..\..\usr\lib\aarch64-linux-gnu\cmake\KF5WindowSystem\;CMake Files\..\..\..\..\..\usr\local\;CMake Files\..\..\..\..\..\usr\local\lib\;CMake Files\..\..\..\..\..\usr\local\lib\aarch64-linux-gnu\;CMake Files\..\..\..\..\..\usr\local\lib\aarch64-linux-gnu\cmake\;CMake Files\..\..\..\..\..\usr\local\lib\aarch64-linux-gnu\cmake\KF5Wayland\;CMake Files\cmake\;CMake Files\cmake\modules\;CMake Files\data\;CMake Files\src\;"/>
		<Build>
			<Target title="all">
				<Option working_dir="/data/home/uos/11111111111111111/xdg-desktop-portal-kde"/>
				<Option type="4"/>
				<MakeCommands>
					<Build command="/usr/bin/make -j8 -f &quot;/data/home/uos/11111111111111111/xdg-desktop-portal-kde/Makefile&quot;  VERBOSE=1 all"/>
					<CompileFile command="/usr/bin/make -j8 -f &quot;/data/home/uos/11111111111111111/xdg-desktop-portal-kde/Makefile&quot;  VERBOSE=1 &quot;$file&quot;"/>
					<Clean command="/usr/bin/make -j8 -f &quot;/data/home/uos/11111111111111111/xdg-desktop-portal-kde/Makefile&quot;  VERBOSE=1 clean"/>
					<DistClean command="/usr/bin/make -j8 -f &quot;/data/home/uos/11111111111111111/xdg-desktop-portal-kde/Makefile&quot;  VERBOSE=1 clean"/>
				</MakeCommands>
			</Target>
			<Target title="install">
				<Option working_dir="/data/home/uos/11111111111111111/xdg-desktop-portal-kde"/>
				<Option type="4"/>
				<MakeCommands>
					<Build command="/usr/bin/make -j8 -f &quot;/data/home/uos/11111111111111111/xdg-desktop-portal-kde/Makefile&quot;  VERBOSE=1 install"/>
					<CompileFile command="/usr/bin/make -j8 -f &quot;/data/home/uos/11111111111111111/xdg-desktop-portal-kde/Makefile&quot;  VERBOSE=1 &quot;$file&quot;"/>
					<Clean command="/usr/bin/make -j8 -f &quot;/data/home/uos/11111111111111111/xdg-desktop-portal-kde/Makefile&quot;  VERBOSE=1 clean"/>
					<DistClean command="/usr/bin/make -j8 -f &quot;/data/home/uos/11111111111111111/xdg-desktop-portal-kde/Makefile&quot;  VERBOSE=1 clean"/>
				</MakeCommands>
			</Target>
			<Target title="list_install_components">
				<Option working_dir="/data/home/uos/11111111111111111/xdg-desktop-portal-kde"/>
				<Option type="4"/>
				<MakeCommands>
					<Build command="/usr/bin/make -j8 -f &quot;/data/home/uos/11111111111111111/xdg-desktop-portal-kde/Makefile&quot;  VERBOSE=1 list_install_components"/>
					<CompileFile command="/usr/bin/make -j8 -f &quot;/data/home/uos/11111111111111111/xdg-desktop-portal-kde/Makefile&quot;  VERBOSE=1 &quot;$file&quot;"/>
					<Clean command="/usr/bin/make -j8 -f &quot;/data/home/uos/11111111111111111/xdg-desktop-portal-kde/Makefile&quot;  VERBOSE=1 clean"/>
					<DistClean command="/usr/bin/make -j8 -f &quot;/data/home/uos/11111111111111111/xdg-desktop-portal-kde/Makefile&quot;  VERBOSE=1 clean"/>
				</MakeCommands>
			</Target>
			<Target title="test">
				<Option working_dir="/data/home/uos/11111111111111111/xdg-desktop-portal-kde"/>
				<Option type="4"/>
				<MakeCommands>
					<Build command="/usr/bin/make -j8 -f &quot;/data/home/uos/11111111111111111/xdg-desktop-portal-kde/Makefile&quot;  VERBOSE=1 test"/>
					<CompileFile command="/usr/bin/make -j8 -f &quot;/data/home/uos/11111111111111111/xdg-desktop-portal-kde/Makefile&quot;  VERBOSE=1 &quot;$file&quot;"/>
					<Clean command="/usr/bin/make -j8 -f &quot;/data/home/uos/11111111111111111/xdg-desktop-portal-kde/Makefile&quot;  VERBOSE=1 clean"/>
					<DistClean command="/usr/bin/make -j8 -f &quot;/data/home/uos/11111111111111111/xdg-desktop-portal-kde/Makefile&quot;  VERBOSE=1 clean"/>
				</MakeCommands>
			</Target>
			<Target title="KF5Notifications_QCH">
				<Option working_dir="/data/home/uos/11111111111111111/xdg-desktop-portal-kde"/>
				<Option type="4"/>
				<MakeCommands>
					<Build command="/usr/bin/make -j8 -f &quot;/data/home/uos/11111111111111111/xdg-desktop-portal-kde/Makefile&quot;  VERBOSE=1 KF5Notifications_QCH"/>
					<CompileFile command="/usr/bin/make -j8 -f &quot;/data/home/uos/11111111111111111/xdg-desktop-portal-kde/Makefile&quot;  VERBOSE=1 &quot;$file&quot;"/>
					<Clean command="/usr/bin/make -j8 -f &quot;/data/home/uos/11111111111111111/xdg-desktop-portal-kde/Makefile&quot;  VERBOSE=1 clean"/>
					<DistClean command="/usr/bin/make -j8 -f &quot;/data/home/uos/11111111111111111/xdg-desktop-portal-kde/Makefile&quot;  VERBOSE=1 clean"/>
				</MakeCommands>
			</Target>
			<Target title="KF5KIO_QCH">
				<Option working_dir="/data/home/uos/11111111111111111/xdg-desktop-portal-kde"/>
				<Option type="4"/>
				<MakeCommands>
					<Build command="/usr/bin/make -j8 -f &quot;/data/home/uos/11111111111111111/xdg-desktop-portal-kde/Makefile&quot;  VERBOSE=1 KF5KIO_QCH"/>
					<CompileFile command="/usr/bin/make -j8 -f &quot;/data/home/uos/11111111111111111/xdg-desktop-portal-kde/Makefile&quot;  VERBOSE=1 &quot;$file&quot;"/>
					<Clean command="/usr/bin/make -j8 -f &quot;/data/home/uos/11111111111111111/xdg-desktop-portal-kde/Makefile&quot;  VERBOSE=1 clean"/>
					<DistClean command="/usr/bin/make -j8 -f &quot;/data/home/uos/11111111111111111/xdg-desktop-portal-kde/Makefile&quot;  VERBOSE=1 clean"/>
				</MakeCommands>
			</Target>
			<Target title="KF5Service_QCH">
				<Option working_dir="/data/home/uos/11111111111111111/xdg-desktop-portal-kde"/>
				<Option type="4"/>
				<MakeCommands>
					<Build command="/usr/bin/make -j8 -f &quot;/data/home/uos/11111111111111111/xdg-desktop-portal-kde/Makefile&quot;  VERBOSE=1 KF5Service_QCH"/>
					<CompileFile command="/usr/bin/make -j8 -f &quot;/data/home/uos/11111111111111111/xdg-desktop-portal-kde/Makefile&quot;  VERBOSE=1 &quot;$file&quot;"/>
					<Clean command="/usr/bin/make -j8 -f &quot;/data/home/uos/11111111111111111/xdg-desktop-portal-kde/Makefile&quot;  VERBOSE=1 clean"/>
					<DistClean command="/usr/bin/make -j8 -f &quot;/data/home/uos/11111111111111111/xdg-desktop-portal-kde/Makefile&quot;  VERBOSE=1 clean"/>
				</MakeCommands>
			</Target>
			<Target title="install/strip">
				<Option working_dir="/data/home/uos/11111111111111111/xdg-desktop-portal-kde"/>
				<Option type="4"/>
				<MakeCommands>
					<Build command="/usr/bin/make -j8 -f &quot;/data/home/uos/11111111111111111/xdg-desktop-portal-kde/Makefile&quot;  VERBOSE=1 install/strip"/>
					<CompileFile command="/usr/bin/make -j8 -f &quot;/data/home/uos/11111111111111111/xdg-desktop-portal-kde/Makefile&quot;  VERBOSE=1 &quot;$file&quot;"/>
					<Clean command="/usr/bin/make -j8 -f &quot;/data/home/uos/11111111111111111/xdg-desktop-portal-kde/Makefile&quot;  VERBOSE=1 clean"/>
					<DistClean command="/usr/bin/make -j8 -f &quot;/data/home/uos/11111111111111111/xdg-desktop-portal-kde/Makefile&quot;  VERBOSE=1 clean"/>
				</MakeCommands>
			</Target>
			<Target title="KF5I18n_QCH">
				<Option working_dir="/data/home/uos/11111111111111111/xdg-desktop-portal-kde"/>
				<Option type="4"/>
				<MakeCommands>
					<Build command="/usr/bin/make -j8 -f &quot;/data/home/uos/11111111111111111/xdg-desktop-portal-kde/Makefile&quot;  VERBOSE=1 KF5I18n_QCH"/>
					<CompileFile command="/usr/bin/make -j8 -f &quot;/data/home/uos/11111111111111111/xdg-desktop-portal-kde/Makefile&quot;  VERBOSE=1 &quot;$file&quot;"/>
					<Clean command="/usr/bin/make -j8 -f &quot;/data/home/uos/11111111111111111/xdg-desktop-portal-kde/Makefile&quot;  VERBOSE=1 clean"/>
					<DistClean command="/usr/bin/make -j8 -f &quot;/data/home/uos/11111111111111111/xdg-desktop-portal-kde/Makefile&quot;  VERBOSE=1 clean"/>
				</MakeCommands>
			</Target>
			<Target title="install/local">
				<Option working_dir="/data/home/uos/11111111111111111/xdg-desktop-portal-kde"/>
				<Option type="4"/>
				<MakeCommands>
					<Build command="/usr/bin/make -j8 -f &quot;/data/home/uos/11111111111111111/xdg-desktop-portal-kde/Makefile&quot;  VERBOSE=1 install/local"/>
					<CompileFile command="/usr/bin/make -j8 -f &quot;/data/home/uos/11111111111111111/xdg-desktop-portal-kde/Makefile&quot;  VERBOSE=1 &quot;$file&quot;"/>
					<Clean command="/usr/bin/make -j8 -f &quot;/data/home/uos/11111111111111111/xdg-desktop-portal-kde/Makefile&quot;  VERBOSE=1 clean"/>
					<DistClean command="/usr/bin/make -j8 -f &quot;/data/home/uos/11111111111111111/xdg-desktop-portal-kde/Makefile&quot;  VERBOSE=1 clean"/>
				</MakeCommands>
			</Target>
			<Target title="KF5XmlGui_QCH">
				<Option working_dir="/data/home/uos/11111111111111111/xdg-desktop-portal-kde"/>
				<Option type="4"/>
				<MakeCommands>
					<Build command="/usr/bin/make -j8 -f &quot;/data/home/uos/11111111111111111/xdg-desktop-portal-kde/Makefile&quot;  VERBOSE=1 KF5XmlGui_QCH"/>
					<CompileFile command="/usr/bin/make -j8 -f &quot;/data/home/uos/11111111111111111/xdg-desktop-portal-kde/Makefile&quot;  VERBOSE=1 &quot;$file&quot;"/>
					<Clean command="/usr/bin/make -j8 -f &quot;/data/home/uos/11111111111111111/xdg-desktop-portal-kde/Makefile&quot;  VERBOSE=1 clean"/>
					<DistClean command="/usr/bin/make -j8 -f &quot;/data/home/uos/11111111111111111/xdg-desktop-portal-kde/Makefile&quot;  VERBOSE=1 clean"/>
				</MakeCommands>
			</Target>
			<Target title="KF5Config_QCH">
				<Option working_dir="/data/home/uos/11111111111111111/xdg-desktop-portal-kde"/>
				<Option type="4"/>
				<MakeCommands>
					<Build command="/usr/bin/make -j8 -f &quot;/data/home/uos/11111111111111111/xdg-desktop-portal-kde/Makefile&quot;  VERBOSE=1 KF5Config_QCH"/>
					<CompileFile command="/usr/bin/make -j8 -f &quot;/data/home/uos/11111111111111111/xdg-desktop-portal-kde/Makefile&quot;  VERBOSE=1 &quot;$file&quot;"/>
					<Clean command="/usr/bin/make -j8 -f &quot;/data/home/uos/11111111111111111/xdg-desktop-portal-kde/Makefile&quot;  VERBOSE=1 clean"/>
					<DistClean command="/usr/bin/make -j8 -f &quot;/data/home/uos/11111111111111111/xdg-desktop-portal-kde/Makefile&quot;  VERBOSE=1 clean"/>
				</MakeCommands>
			</Target>
			<Target title="KF5WindowSystem_QCH">
				<Option working_dir="/data/home/uos/11111111111111111/xdg-desktop-portal-kde"/>
				<Option type="4"/>
				<MakeCommands>
					<Build command="/usr/bin/make -j8 -f &quot;/data/home/uos/11111111111111111/xdg-desktop-portal-kde/Makefile&quot;  VERBOSE=1 KF5WindowSystem_QCH"/>
					<CompileFile command="/usr/bin/make -j8 -f &quot;/data/home/uos/11111111111111111/xdg-desktop-portal-kde/Makefile&quot;  VERBOSE=1 &quot;$file&quot;"/>
					<Clean command="/usr/bin/make -j8 -f &quot;/data/home/uos/11111111111111111/xdg-desktop-portal-kde/Makefile&quot;  VERBOSE=1 clean"/>
					<DistClean command="/usr/bin/make -j8 -f &quot;/data/home/uos/11111111111111111/xdg-desktop-portal-kde/Makefile&quot;  VERBOSE=1 clean"/>
				</MakeCommands>
			</Target>
			<Target title="fetch-translations">
				<Option working_dir="/data/home/uos/11111111111111111/xdg-desktop-portal-kde"/>
				<Option type="4"/>
				<MakeCommands>
					<Build command="/usr/bin/make -j8 -f &quot;/data/home/uos/11111111111111111/xdg-desktop-portal-kde/Makefile&quot;  VERBOSE=1 fetch-translations"/>
					<CompileFile command="/usr/bin/make -j8 -f &quot;/data/home/uos/11111111111111111/xdg-desktop-portal-kde/Makefile&quot;  VERBOSE=1 &quot;$file&quot;"/>
					<Clean command="/usr/bin/make -j8 -f &quot;/data/home/uos/11111111111111111/xdg-desktop-portal-kde/Makefile&quot;  VERBOSE=1 clean"/>
					<DistClean command="/usr/bin/make -j8 -f &quot;/data/home/uos/11111111111111111/xdg-desktop-portal-kde/Makefile&quot;  VERBOSE=1 clean"/>
				</MakeCommands>
			</Target>
			<Target title="KF5ConfigWidgets_QCH">
				<Option working_dir="/data/home/uos/11111111111111111/xdg-desktop-portal-kde"/>
				<Option type="4"/>
				<MakeCommands>
					<Build command="/usr/bin/make -j8 -f &quot;/data/home/uos/11111111111111111/xdg-desktop-portal-kde/Makefile&quot;  VERBOSE=1 KF5ConfigWidgets_QCH"/>
					<CompileFile command="/usr/bin/make -j8 -f &quot;/data/home/uos/11111111111111111/xdg-desktop-portal-kde/Makefile&quot;  VERBOSE=1 &quot;$file&quot;"/>
					<Clean command="/usr/bin/make -j8 -f &quot;/data/home/uos/11111111111111111/xdg-desktop-portal-kde/Makefile&quot;  VERBOSE=1 clean"/>
					<DistClean command="/usr/bin/make -j8 -f &quot;/data/home/uos/11111111111111111/xdg-desktop-portal-kde/Makefile&quot;  VERBOSE=1 clean"/>
				</MakeCommands>
			</Target>
			<Target title="rebuild_cache">
				<Option working_dir="/data/home/uos/11111111111111111/xdg-desktop-portal-kde"/>
				<Option type="4"/>
				<MakeCommands>
					<Build command="/usr/bin/make -j8 -f &quot;/data/home/uos/11111111111111111/xdg-desktop-portal-kde/Makefile&quot;  VERBOSE=1 rebuild_cache"/>
					<CompileFile command="/usr/bin/make -j8 -f &quot;/data/home/uos/11111111111111111/xdg-desktop-portal-kde/Makefile&quot;  VERBOSE=1 &quot;$file&quot;"/>
					<Clean command="/usr/bin/make -j8 -f &quot;/data/home/uos/11111111111111111/xdg-desktop-portal-kde/Makefile&quot;  VERBOSE=1 clean"/>
					<DistClean command="/usr/bin/make -j8 -f &quot;/data/home/uos/11111111111111111/xdg-desktop-portal-kde/Makefile&quot;  VERBOSE=1 clean"/>
				</MakeCommands>
			</Target>
			<Target title="KF5CoreAddons_QCH">
				<Option working_dir="/data/home/uos/11111111111111111/xdg-desktop-portal-kde"/>
				<Option type="4"/>
				<MakeCommands>
					<Build command="/usr/bin/make -j8 -f &quot;/data/home/uos/11111111111111111/xdg-desktop-portal-kde/Makefile&quot;  VERBOSE=1 KF5CoreAddons_QCH"/>
					<CompileFile command="/usr/bin/make -j8 -f &quot;/data/home/uos/11111111111111111/xdg-desktop-portal-kde/Makefile&quot;  VERBOSE=1 &quot;$file&quot;"/>
					<Clean command="/usr/bin/make -j8 -f &quot;/data/home/uos/11111111111111111/xdg-desktop-portal-kde/Makefile&quot;  VERBOSE=1 clean"/>
					<DistClean command="/usr/bin/make -j8 -f &quot;/data/home/uos/11111111111111111/xdg-desktop-portal-kde/Makefile&quot;  VERBOSE=1 clean"/>
				</MakeCommands>
			</Target>
			<Target title="uninstall">
				<Option working_dir="/data/home/uos/11111111111111111/xdg-desktop-portal-kde"/>
				<Option type="4"/>
				<MakeCommands>
					<Build command="/usr/bin/make -j8 -f &quot;/data/home/uos/11111111111111111/xdg-desktop-portal-kde/Makefile&quot;  VERBOSE=1 uninstall"/>
					<CompileFile command="/usr/bin/make -j8 -f &quot;/data/home/uos/11111111111111111/xdg-desktop-portal-kde/Makefile&quot;  VERBOSE=1 &quot;$file&quot;"/>
					<Clean command="/usr/bin/make -j8 -f &quot;/data/home/uos/11111111111111111/xdg-desktop-portal-kde/Makefile&quot;  VERBOSE=1 clean"/>
					<DistClean command="/usr/bin/make -j8 -f &quot;/data/home/uos/11111111111111111/xdg-desktop-portal-kde/Makefile&quot;  VERBOSE=1 clean"/>
				</MakeCommands>
			</Target>
			<Target title="KF5WidgetsAddons_QCH">
				<Option working_dir="/data/home/uos/11111111111111111/xdg-desktop-portal-kde"/>
				<Option type="4"/>
				<MakeCommands>
					<Build command="/usr/bin/make -j8 -f &quot;/data/home/uos/11111111111111111/xdg-desktop-portal-kde/Makefile&quot;  VERBOSE=1 KF5WidgetsAddons_QCH"/>
					<CompileFile command="/usr/bin/make -j8 -f &quot;/data/home/uos/11111111111111111/xdg-desktop-portal-kde/Makefile&quot;  VERBOSE=1 &quot;$file&quot;"/>
					<Clean command="/usr/bin/make -j8 -f &quot;/data/home/uos/11111111111111111/xdg-desktop-portal-kde/Makefile&quot;  VERBOSE=1 clean"/>
					<DistClean command="/usr/bin/make -j8 -f &quot;/data/home/uos/11111111111111111/xdg-desktop-portal-kde/Makefile&quot;  VERBOSE=1 clean"/>
				</MakeCommands>
			</Target>
			<Target title="KF5Auth_QCH">
				<Option working_dir="/data/home/uos/11111111111111111/xdg-desktop-portal-kde"/>
				<Option type="4"/>
				<MakeCommands>
					<Build command="/usr/bin/make -j8 -f &quot;/data/home/uos/11111111111111111/xdg-desktop-portal-kde/Makefile&quot;  VERBOSE=1 KF5Auth_QCH"/>
					<CompileFile command="/usr/bin/make -j8 -f &quot;/data/home/uos/11111111111111111/xdg-desktop-portal-kde/Makefile&quot;  VERBOSE=1 &quot;$file&quot;"/>
					<Clean command="/usr/bin/make -j8 -f &quot;/data/home/uos/11111111111111111/xdg-desktop-portal-kde/Makefile&quot;  VERBOSE=1 clean"/>
					<DistClean command="/usr/bin/make -j8 -f &quot;/data/home/uos/11111111111111111/xdg-desktop-portal-kde/Makefile&quot;  VERBOSE=1 clean"/>
				</MakeCommands>
			</Target>
			<Target title="KF5Bookmarks_QCH">
				<Option working_dir="/data/home/uos/11111111111111111/xdg-desktop-portal-kde"/>
				<Option type="4"/>
				<MakeCommands>
					<Build command="/usr/bin/make -j8 -f &quot;/data/home/uos/11111111111111111/xdg-desktop-portal-kde/Makefile&quot;  VERBOSE=1 KF5Bookmarks_QCH"/>
					<CompileFile command="/usr/bin/make -j8 -f &quot;/data/home/uos/11111111111111111/xdg-desktop-portal-kde/Makefile&quot;  VERBOSE=1 &quot;$file&quot;"/>
					<Clean command="/usr/bin/make -j8 -f &quot;/data/home/uos/11111111111111111/xdg-desktop-portal-kde/Makefile&quot;  VERBOSE=1 clean"/>
					<DistClean command="/usr/bin/make -j8 -f &quot;/data/home/uos/11111111111111111/xdg-desktop-portal-kde/Makefile&quot;  VERBOSE=1 clean"/>
				</MakeCommands>
			</Target>
			<Target title="KF5Completion_QCH">
				<Option working_dir="/data/home/uos/11111111111111111/xdg-desktop-portal-kde"/>
				<Option type="4"/>
				<MakeCommands>
					<Build command="/usr/bin/make -j8 -f &quot;/data/home/uos/11111111111111111/xdg-desktop-portal-kde/Makefile&quot;  VERBOSE=1 KF5Completion_QCH"/>
					<CompileFile command="/usr/bin/make -j8 -f &quot;/data/home/uos/11111111111111111/xdg-desktop-portal-kde/Makefile&quot;  VERBOSE=1 &quot;$file&quot;"/>
					<Clean command="/usr/bin/make -j8 -f &quot;/data/home/uos/11111111111111111/xdg-desktop-portal-kde/Makefile&quot;  VERBOSE=1 clean"/>
					<DistClean command="/usr/bin/make -j8 -f &quot;/data/home/uos/11111111111111111/xdg-desktop-portal-kde/Makefile&quot;  VERBOSE=1 clean"/>
				</MakeCommands>
			</Target>
			<Target title="edit_cache">
				<Option working_dir="/data/home/uos/11111111111111111/xdg-desktop-portal-kde"/>
				<Option type="4"/>
				<MakeCommands>
					<Build command="/usr/bin/make -j8 -f &quot;/data/home/uos/11111111111111111/xdg-desktop-portal-kde/Makefile&quot;  VERBOSE=1 edit_cache"/>
					<CompileFile command="/usr/bin/make -j8 -f &quot;/data/home/uos/11111111111111111/xdg-desktop-portal-kde/Makefile&quot;  VERBOSE=1 &quot;$file&quot;"/>
					<Clean command="/usr/bin/make -j8 -f &quot;/data/home/uos/11111111111111111/xdg-desktop-portal-kde/Makefile&quot;  VERBOSE=1 clean"/>
					<DistClean command="/usr/bin/make -j8 -f &quot;/data/home/uos/11111111111111111/xdg-desktop-portal-kde/Makefile&quot;  VERBOSE=1 clean"/>
				</MakeCommands>
			</Target>
			<Target title="KF5ItemViews_QCH">
				<Option working_dir="/data/home/uos/11111111111111111/xdg-desktop-portal-kde"/>
				<Option type="4"/>
				<MakeCommands>
					<Build command="/usr/bin/make -j8 -f &quot;/data/home/uos/11111111111111111/xdg-desktop-portal-kde/Makefile&quot;  VERBOSE=1 KF5ItemViews_QCH"/>
					<CompileFile command="/usr/bin/make -j8 -f &quot;/data/home/uos/11111111111111111/xdg-desktop-portal-kde/Makefile&quot;  VERBOSE=1 &quot;$file&quot;"/>
					<Clean command="/usr/bin/make -j8 -f &quot;/data/home/uos/11111111111111111/xdg-desktop-portal-kde/Makefile&quot;  VERBOSE=1 clean"/>
					<DistClean command="/usr/bin/make -j8 -f &quot;/data/home/uos/11111111111111111/xdg-desktop-portal-kde/Makefile&quot;  VERBOSE=1 clean"/>
				</MakeCommands>
			</Target>
			<Target title="KF5Solid_QCH">
				<Option working_dir="/data/home/uos/11111111111111111/xdg-desktop-portal-kde"/>
				<Option type="4"/>
				<MakeCommands>
					<Build command="/usr/bin/make -j8 -f &quot;/data/home/uos/11111111111111111/xdg-desktop-portal-kde/Makefile&quot;  VERBOSE=1 KF5Solid_QCH"/>
					<CompileFile command="/usr/bin/make -j8 -f &quot;/data/home/uos/11111111111111111/xdg-desktop-portal-kde/Makefile&quot;  VERBOSE=1 &quot;$file&quot;"/>
					<Clean command="/usr/bin/make -j8 -f &quot;/data/home/uos/11111111111111111/xdg-desktop-portal-kde/Makefile&quot;  VERBOSE=1 clean"/>
					<DistClean command="/usr/bin/make -j8 -f &quot;/data/home/uos/11111111111111111/xdg-desktop-portal-kde/Makefile&quot;  VERBOSE=1 clean"/>
				</MakeCommands>
			</Target>
			<Target title="KF5JobWidgets_QCH">
				<Option working_dir="/data/home/uos/11111111111111111/xdg-desktop-portal-kde"/>
				<Option type="4"/>
				<MakeCommands>
					<Build command="/usr/bin/make -j8 -f &quot;/data/home/uos/11111111111111111/xdg-desktop-portal-kde/Makefile&quot;  VERBOSE=1 KF5JobWidgets_QCH"/>
					<CompileFile command="/usr/bin/make -j8 -f &quot;/data/home/uos/11111111111111111/xdg-desktop-portal-kde/Makefile&quot;  VERBOSE=1 &quot;$file&quot;"/>
					<Clean command="/usr/bin/make -j8 -f &quot;/data/home/uos/11111111111111111/xdg-desktop-portal-kde/Makefile&quot;  VERBOSE=1 clean"/>
					<DistClean command="/usr/bin/make -j8 -f &quot;/data/home/uos/11111111111111111/xdg-desktop-portal-kde/Makefile&quot;  VERBOSE=1 clean"/>
				</MakeCommands>
			</Target>
			<Target title="KF5Codecs_QCH">
				<Option working_dir="/data/home/uos/11111111111111111/xdg-desktop-portal-kde"/>
				<Option type="4"/>
				<MakeCommands>
					<Build command="/usr/bin/make -j8 -f &quot;/data/home/uos/11111111111111111/xdg-desktop-portal-kde/Makefile&quot;  VERBOSE=1 KF5Codecs_QCH"/>
					<CompileFile command="/usr/bin/make -j8 -f &quot;/data/home/uos/11111111111111111/xdg-desktop-portal-kde/Makefile&quot;  VERBOSE=1 &quot;$file&quot;"/>
					<Clean command="/usr/bin/make -j8 -f &quot;/data/home/uos/11111111111111111/xdg-desktop-portal-kde/Makefile&quot;  VERBOSE=1 clean"/>
					<DistClean command="/usr/bin/make -j8 -f &quot;/data/home/uos/11111111111111111/xdg-desktop-portal-kde/Makefile&quot;  VERBOSE=1 clean"/>
				</MakeCommands>
			</Target>
			<Target title="xdg-desktop-portal-kde">
				<Option output="/data/home/uos/11111111111111111/xdg-desktop-portal-kde/bin/xdg-desktop-portal-kde" prefix_auto="0" extension_auto="0"/>
				<Option working_dir="/data/home/uos/11111111111111111/xdg-desktop-portal-kde/bin"/>
				<Option object_output="./"/>
				<Option type="0"/>
				<Option compiler="gcc"/>
				<Compiler>
					<Add option="-D_GNU_SOURCE"/>
					<Add option="-D_LARGEFILE64_SOURCE"/>
					<Add option="-DQT_NO_CAST_TO_ASCII"/>
					<Add option="-DQT_NO_CAST_FROM_ASCII"/>
					<Add option="-DQT_NO_URL_CAST_FROM_STRING"/>
					<Add option="-DQT_NO_CAST_FROM_BYTEARRAY"/>
					<Add option="-DQT_NO_SIGNALS_SLOTS_KEYWORDS"/>
					<Add option="-DQT_USE_QSTRINGBUILDER"/>
					<Add option="-DQT_NO_NARROWING_CONVERSIONS_IN_CONNECT"/>
					<Add option="-DSCREENCAST_ENABLED=true"/>
					<Add option="-DQT_DISABLE_DEPRECATED_BEFORE=0x060000"/>
					<Add option="-DTRANSLATION_DOMAIN=&quot;xdg-desktop-portal-kde&quot;"/>
					<Add option="-DQT_CORE_LIB"/>
					<Add option="-DQT_NO_DEBUG"/>
					<Add option="-DQT_DBUS_LIB"/>
					<Add option="-DQT_CONCURRENT_LIB"/>
					<Add option="-DQT_PRINTSUPPORT_LIB"/>
					<Add option="-DQT_WIDGETS_LIB"/>
					<Add option="-DQT_GUI_LIB"/>
					<Add option="-DKCOREADDONS_LIB"/>
					<Add option="-DQT_NETWORK_LIB"/>
					<Add option="-DQT_XML_LIB"/>
					<Add directory="/data/home/uos/11111111111111111/xdg-desktop-portal-kde/src"/>
					<Add directory="/data/home/uos/11111111111111111/xdg-desktop-portal-kde/src/xdg-desktop-portal-kde_autogen/include"/>
					<Add directory="/usr/include/aarch64-linux-gnu/qt5/QtPrintSupport/5.11.3"/>
					<Add directory="/usr/include/aarch64-linux-gnu/qt5/QtPrintSupport/5.11.3/QtPrintSupport"/>
					<Add directory="/usr/include/aarch64-linux-gnu/qt5/QtWidgets/5.11.3"/>
					<Add directory="/usr/include/aarch64-linux-gnu/qt5/QtWidgets/5.11.3/QtWidgets"/>
					<Add directory="/usr/include/aarch64-linux-gnu/qt5/QtGui/5.11.3"/>
					<Add directory="/usr/include/aarch64-linux-gnu/qt5/QtGui/5.11.3/QtGui"/>
					<Add directory="/usr/include/aarch64-linux-gnu/qt5/QtDBus/5.11.3"/>
					<Add directory="/usr/include/aarch64-linux-gnu/qt5/QtDBus/5.11.3/QtDBus"/>
					<Add directory="/usr/include/aarch64-linux-gnu/qt5/QtCore/5.11.3"/>
					<Add directory="/usr/include/aarch64-linux-gnu/qt5/QtCore/5.11.3/QtCore"/>
					<Add directory="/usr/include/aarch64-linux-gnu/qt5"/>
					<Add directory="/usr/include/aarch64-linux-gnu/qt5/QtCore"/>
					<Add directory="/usr/lib/aarch64-linux-gnu/qt5/mkspecs/linux-g++"/>
					<Add directory="/usr/include/aarch64-linux-gnu/qt5/QtDBus"/>
					<Add directory="/usr/include/aarch64-linux-gnu/qt5/QtConcurrent"/>
					<Add directory="/usr/include/aarch64-linux-gnu/qt5/QtPrintSupport"/>
					<Add directory="/usr/include/aarch64-linux-gnu/qt5/QtWidgets"/>
					<Add directory="/usr/include/aarch64-linux-gnu/qt5/QtGui"/>
					<Add directory="/usr/include/KF5/KCoreAddons"/>
					<Add directory="/usr/include/KF5"/>
					<Add directory="/usr/include/KF5/KConfigCore"/>
					<Add directory="/usr/include/KF5/KI18n"/>
					<Add directory="/usr/include/KF5/KIOFileWidgets"/>
					<Add directory="/usr/include/KF5/KIOWidgets"/>
					<Add directory="/usr/include/KF5/KIOCore"/>
					<Add directory="/usr/include/KF5/KService"/>
					<Add directory="/usr/include/aarch64-linux-gnu/qt5/QtNetwork"/>
					<Add directory="/usr/include/KF5/KJobWidgets"/>
					<Add directory="/usr/include/KF5/KCompletion"/>
					<Add directory="/usr/include/KF5/KWidgetsAddons"/>
					<Add directory="/usr/include/KF5/KBookmarks"/>
					<Add directory="/usr/include/aarch64-linux-gnu/qt5/QtXml"/>
					<Add directory="/usr/include/KF5/KItemViews"/>
					<Add directory="/usr/include/KF5/KXmlGui"/>
					<Add directory="/usr/include/KF5/KConfigWidgets"/>
					<Add directory="/usr/include/KF5/KCodecs"/>
					<Add directory="/usr/include/KF5/KConfigGui"/>
					<Add directory="/usr/include/KF5/KAuth"/>
					<Add directory="/usr/include/KF5/Solid"/>
					<Add directory="/usr/include/KF5/KNotifications"/>
					<Add directory="/usr/local/include/KF5/KWayland/Client"/>
					<Add directory="/usr/local/include/KF5"/>
					<Add directory="/usr/include/KF5/KWindowSystem"/>
					<Add directory="/usr/include/c++/8"/>
					<Add directory="/usr/include/aarch64-linux-gnu/c++/8"/>
					<Add directory="/usr/include/c++/8/backward"/>
					<Add directory="/usr/lib/gcc/aarch64-linux-gnu/8/include"/>
					<Add directory="/usr/local/include"/>
					<Add directory="/usr/lib/gcc/aarch64-linux-gnu/8/include-fixed"/>
					<Add directory="/usr/include/aarch64-linux-gnu"/>
					<Add directory="/usr/include"/>
				</Compiler>
				<MakeCommands>
					<Build command="/usr/bin/make -j8 -f &quot;/data/home/uos/11111111111111111/xdg-desktop-portal-kde/src/Makefile&quot;  VERBOSE=1 xdg-desktop-portal-kde"/>
					<CompileFile command="/usr/bin/make -j8 -f &quot;/data/home/uos/11111111111111111/xdg-desktop-portal-kde/src/Makefile&quot;  VERBOSE=1 &quot;$file&quot;"/>
					<Clean command="/usr/bin/make -j8 -f &quot;/data/home/uos/11111111111111111/xdg-desktop-portal-kde/src/Makefile&quot;  VERBOSE=1 clean"/>
					<DistClean command="/usr/bin/make -j8 -f &quot;/data/home/uos/11111111111111111/xdg-desktop-portal-kde/src/Makefile&quot;  VERBOSE=1 clean"/>
				</MakeCommands>
			</Target>
			<Target title="xdg-desktop-portal-kde/fast">
				<Option output="/data/home/uos/11111111111111111/xdg-desktop-portal-kde/bin/xdg-desktop-portal-kde" prefix_auto="0" extension_auto="0"/>
				<Option working_dir="/data/home/uos/11111111111111111/xdg-desktop-portal-kde/bin"/>
				<Option object_output="./"/>
				<Option type="0"/>
				<Option compiler="gcc"/>
				<Compiler>
					<Add option="-D_GNU_SOURCE"/>
					<Add option="-D_LARGEFILE64_SOURCE"/>
					<Add option="-DQT_NO_CAST_TO_ASCII"/>
					<Add option="-DQT_NO_CAST_FROM_ASCII"/>
					<Add option="-DQT_NO_URL_CAST_FROM_STRING"/>
					<Add option="-DQT_NO_CAST_FROM_BYTEARRAY"/>
					<Add option="-DQT_NO_SIGNALS_SLOTS_KEYWORDS"/>
					<Add option="-DQT_USE_QSTRINGBUILDER"/>
					<Add option="-DQT_NO_NARROWING_CONVERSIONS_IN_CONNECT"/>
					<Add option="-DSCREENCAST_ENABLED=true"/>
					<Add option="-DQT_DISABLE_DEPRECATED_BEFORE=0x060000"/>
					<Add option="-DTRANSLATION_DOMAIN=&quot;xdg-desktop-portal-kde&quot;"/>
					<Add option="-DQT_CORE_LIB"/>
					<Add option="-DQT_NO_DEBUG"/>
					<Add option="-DQT_DBUS_LIB"/>
					<Add option="-DQT_CONCURRENT_LIB"/>
					<Add option="-DQT_PRINTSUPPORT_LIB"/>
					<Add option="-DQT_WIDGETS_LIB"/>
					<Add option="-DQT_GUI_LIB"/>
					<Add option="-DKCOREADDONS_LIB"/>
					<Add option="-DQT_NETWORK_LIB"/>
					<Add option="-DQT_XML_LIB"/>
					<Add directory="/data/home/uos/11111111111111111/xdg-desktop-portal-kde/src"/>
					<Add directory="/data/home/uos/11111111111111111/xdg-desktop-portal-kde/src/xdg-desktop-portal-kde_autogen/include"/>
					<Add directory="/usr/include/aarch64-linux-gnu/qt5/QtPrintSupport/5.11.3"/>
					<Add directory="/usr/include/aarch64-linux-gnu/qt5/QtPrintSupport/5.11.3/QtPrintSupport"/>
					<Add directory="/usr/include/aarch64-linux-gnu/qt5/QtWidgets/5.11.3"/>
					<Add directory="/usr/include/aarch64-linux-gnu/qt5/QtWidgets/5.11.3/QtWidgets"/>
					<Add directory="/usr/include/aarch64-linux-gnu/qt5/QtGui/5.11.3"/>
					<Add directory="/usr/include/aarch64-linux-gnu/qt5/QtGui/5.11.3/QtGui"/>
					<Add directory="/usr/include/aarch64-linux-gnu/qt5/QtDBus/5.11.3"/>
					<Add directory="/usr/include/aarch64-linux-gnu/qt5/QtDBus/5.11.3/QtDBus"/>
					<Add directory="/usr/include/aarch64-linux-gnu/qt5/QtCore/5.11.3"/>
					<Add directory="/usr/include/aarch64-linux-gnu/qt5/QtCore/5.11.3/QtCore"/>
					<Add directory="/usr/include/aarch64-linux-gnu/qt5"/>
					<Add directory="/usr/include/aarch64-linux-gnu/qt5/QtCore"/>
					<Add directory="/usr/lib/aarch64-linux-gnu/qt5/mkspecs/linux-g++"/>
					<Add directory="/usr/include/aarch64-linux-gnu/qt5/QtDBus"/>
					<Add directory="/usr/include/aarch64-linux-gnu/qt5/QtConcurrent"/>
					<Add directory="/usr/include/aarch64-linux-gnu/qt5/QtPrintSupport"/>
					<Add directory="/usr/include/aarch64-linux-gnu/qt5/QtWidgets"/>
					<Add directory="/usr/include/aarch64-linux-gnu/qt5/QtGui"/>
					<Add directory="/usr/include/KF5/KCoreAddons"/>
					<Add directory="/usr/include/KF5"/>
					<Add directory="/usr/include/KF5/KConfigCore"/>
					<Add directory="/usr/include/KF5/KI18n"/>
					<Add directory="/usr/include/KF5/KIOFileWidgets"/>
					<Add directory="/usr/include/KF5/KIOWidgets"/>
					<Add directory="/usr/include/KF5/KIOCore"/>
					<Add directory="/usr/include/KF5/KService"/>
					<Add directory="/usr/include/aarch64-linux-gnu/qt5/QtNetwork"/>
					<Add directory="/usr/include/KF5/KJobWidgets"/>
					<Add directory="/usr/include/KF5/KCompletion"/>
					<Add directory="/usr/include/KF5/KWidgetsAddons"/>
					<Add directory="/usr/include/KF5/KBookmarks"/>
					<Add directory="/usr/include/aarch64-linux-gnu/qt5/QtXml"/>
					<Add directory="/usr/include/KF5/KItemViews"/>
					<Add directory="/usr/include/KF5/KXmlGui"/>
					<Add directory="/usr/include/KF5/KConfigWidgets"/>
					<Add directory="/usr/include/KF5/KCodecs"/>
					<Add directory="/usr/include/KF5/KConfigGui"/>
					<Add directory="/usr/include/KF5/KAuth"/>
					<Add directory="/usr/include/KF5/Solid"/>
					<Add directory="/usr/include/KF5/KNotifications"/>
					<Add directory="/usr/local/include/KF5/KWayland/Client"/>
					<Add directory="/usr/local/include/KF5"/>
					<Add directory="/usr/include/KF5/KWindowSystem"/>
					<Add directory="/usr/include/c++/8"/>
					<Add directory="/usr/include/aarch64-linux-gnu/c++/8"/>
					<Add directory="/usr/include/c++/8/backward"/>
					<Add directory="/usr/lib/gcc/aarch64-linux-gnu/8/include"/>
					<Add directory="/usr/local/include"/>
					<Add directory="/usr/lib/gcc/aarch64-linux-gnu/8/include-fixed"/>
					<Add directory="/usr/include/aarch64-linux-gnu"/>
					<Add directory="/usr/include"/>
				</Compiler>
				<MakeCommands>
					<Build command="/usr/bin/make -j8 -f &quot;/data/home/uos/11111111111111111/xdg-desktop-portal-kde/src/Makefile&quot;  VERBOSE=1 xdg-desktop-portal-kde/fast"/>
					<CompileFile command="/usr/bin/make -j8 -f &quot;/data/home/uos/11111111111111111/xdg-desktop-portal-kde/src/Makefile&quot;  VERBOSE=1 &quot;$file&quot;"/>
					<Clean command="/usr/bin/make -j8 -f &quot;/data/home/uos/11111111111111111/xdg-desktop-portal-kde/src/Makefile&quot;  VERBOSE=1 clean"/>
					<DistClean command="/usr/bin/make -j8 -f &quot;/data/home/uos/11111111111111111/xdg-desktop-portal-kde/src/Makefile&quot;  VERBOSE=1 clean"/>
				</MakeCommands>
			</Target>
			<Target title="xdg-desktop-portal-kde_autogen">
				<Option working_dir="/data/home/uos/11111111111111111/xdg-desktop-portal-kde/src"/>
				<Option type="4"/>
				<MakeCommands>
					<Build command="/usr/bin/make -j8 -f &quot;/data/home/uos/11111111111111111/xdg-desktop-portal-kde/src/Makefile&quot;  VERBOSE=1 xdg-desktop-portal-kde_autogen"/>
					<CompileFile command="/usr/bin/make -j8 -f &quot;/data/home/uos/11111111111111111/xdg-desktop-portal-kde/src/Makefile&quot;  VERBOSE=1 &quot;$file&quot;"/>
					<Clean command="/usr/bin/make -j8 -f &quot;/data/home/uos/11111111111111111/xdg-desktop-portal-kde/src/Makefile&quot;  VERBOSE=1 clean"/>
					<DistClean command="/usr/bin/make -j8 -f &quot;/data/home/uos/11111111111111111/xdg-desktop-portal-kde/src/Makefile&quot;  VERBOSE=1 clean"/>
				</MakeCommands>
			</Target>
		</Build>
		<Unit filename="/data/home/uos/11111111111111111/xdg-desktop-portal-kde/src/access.cpp">
			<Option target="xdg-desktop-portal-kde"/>
		</Unit>
		<Unit filename="/data/home/uos/11111111111111111/xdg-desktop-portal-kde/src/access.h">
			<Option target="xdg-desktop-portal-kde"/>
		</Unit>
		<Unit filename="/data/home/uos/11111111111111111/xdg-desktop-portal-kde/src/accessdialog.cpp">
			<Option target="xdg-desktop-portal-kde"/>
		</Unit>
		<Unit filename="/data/home/uos/11111111111111111/xdg-desktop-portal-kde/src/accessdialog.h">
			<Option target="xdg-desktop-portal-kde"/>
		</Unit>
		<Unit filename="/data/home/uos/11111111111111111/xdg-desktop-portal-kde/src/accessdialog.ui">
			<Option target="xdg-desktop-portal-kde"/>
		</Unit>
		<Unit filename="/data/home/uos/11111111111111111/xdg-desktop-portal-kde/src/appchooser.cpp">
			<Option target="xdg-desktop-portal-kde"/>
		</Unit>
		<Unit filename="/data/home/uos/11111111111111111/xdg-desktop-portal-kde/src/appchooser.h">
			<Option target="xdg-desktop-portal-kde"/>
		</Unit>
		<Unit filename="/data/home/uos/11111111111111111/xdg-desktop-portal-kde/src/appchooserdialog.cpp">
			<Option target="xdg-desktop-portal-kde"/>
		</Unit>
		<Unit filename="/data/home/uos/11111111111111111/xdg-desktop-portal-kde/src/appchooserdialog.h">
			<Option target="xdg-desktop-portal-kde"/>
		</Unit>
		<Unit filename="/data/home/uos/11111111111111111/xdg-desktop-portal-kde/src/appchooserdialogitem.cpp">
			<Option target="xdg-desktop-portal-kde"/>
		</Unit>
		<Unit filename="/data/home/uos/11111111111111111/xdg-desktop-portal-kde/src/appchooserdialogitem.h">
			<Option target="xdg-desktop-portal-kde"/>
		</Unit>
		<Unit filename="/data/home/uos/11111111111111111/xdg-desktop-portal-kde/src/desktopportal.cpp">
			<Option target="xdg-desktop-portal-kde"/>
		</Unit>
		<Unit filename="/data/home/uos/11111111111111111/xdg-desktop-portal-kde/src/desktopportal.h">
			<Option target="xdg-desktop-portal-kde"/>
		</Unit>
		<Unit filename="/data/home/uos/11111111111111111/xdg-desktop-portal-kde/src/email.cpp">
			<Option target="xdg-desktop-portal-kde"/>
		</Unit>
		<Unit filename="/data/home/uos/11111111111111111/xdg-desktop-portal-kde/src/email.h">
			<Option target="xdg-desktop-portal-kde"/>
		</Unit>
		<Unit filename="/data/home/uos/11111111111111111/xdg-desktop-portal-kde/src/filechooser.cpp">
			<Option target="xdg-desktop-portal-kde"/>
		</Unit>
		<Unit filename="/data/home/uos/11111111111111111/xdg-desktop-portal-kde/src/filechooser.h">
			<Option target="xdg-desktop-portal-kde"/>
		</Unit>
		<Unit filename="/data/home/uos/11111111111111111/xdg-desktop-portal-kde/src/inhibit.cpp">
			<Option target="xdg-desktop-portal-kde"/>
		</Unit>
		<Unit filename="/data/home/uos/11111111111111111/xdg-desktop-portal-kde/src/inhibit.h">
			<Option target="xdg-desktop-portal-kde"/>
		</Unit>
		<Unit filename="/data/home/uos/11111111111111111/xdg-desktop-portal-kde/src/notification.cpp">
			<Option target="xdg-desktop-portal-kde"/>
		</Unit>
		<Unit filename="/data/home/uos/11111111111111111/xdg-desktop-portal-kde/src/notification.h">
			<Option target="xdg-desktop-portal-kde"/>
		</Unit>
		<Unit filename="/data/home/uos/11111111111111111/xdg-desktop-portal-kde/src/print.cpp">
			<Option target="xdg-desktop-portal-kde"/>
		</Unit>
		<Unit filename="/data/home/uos/11111111111111111/xdg-desktop-portal-kde/src/print.h">
			<Option target="xdg-desktop-portal-kde"/>
		</Unit>
		<Unit filename="/data/home/uos/11111111111111111/xdg-desktop-portal-kde/src/remotedesktop.cpp">
			<Option target="xdg-desktop-portal-kde"/>
		</Unit>
		<Unit filename="/data/home/uos/11111111111111111/xdg-desktop-portal-kde/src/remotedesktop.h">
			<Option target="xdg-desktop-portal-kde"/>
		</Unit>
		<Unit filename="/data/home/uos/11111111111111111/xdg-desktop-portal-kde/src/remotedesktopdialog.cpp">
			<Option target="xdg-desktop-portal-kde"/>
		</Unit>
		<Unit filename="/data/home/uos/11111111111111111/xdg-desktop-portal-kde/src/remotedesktopdialog.h">
			<Option target="xdg-desktop-portal-kde"/>
		</Unit>
		<Unit filename="/data/home/uos/11111111111111111/xdg-desktop-portal-kde/src/remotedesktopdialog.ui">
			<Option target="xdg-desktop-portal-kde"/>
		</Unit>
		<Unit filename="/data/home/uos/11111111111111111/xdg-desktop-portal-kde/src/request.cpp">
			<Option target="xdg-desktop-portal-kde"/>
		</Unit>
		<Unit filename="/data/home/uos/11111111111111111/xdg-desktop-portal-kde/src/request.h">
			<Option target="xdg-desktop-portal-kde"/>
		</Unit>
		<Unit filename="/data/home/uos/11111111111111111/xdg-desktop-portal-kde/src/screencast.cpp">
			<Option target="xdg-desktop-portal-kde"/>
		</Unit>
		<Unit filename="/data/home/uos/11111111111111111/xdg-desktop-portal-kde/src/screencast.h">
			<Option target="xdg-desktop-portal-kde"/>
		</Unit>
		<Unit filename="/data/home/uos/11111111111111111/xdg-desktop-portal-kde/src/screencaststream.cpp">
			<Option target="xdg-desktop-portal-kde"/>
		</Unit>
		<Unit filename="/data/home/uos/11111111111111111/xdg-desktop-portal-kde/src/screencaststream.h">
			<Option target="xdg-desktop-portal-kde"/>
		</Unit>
		<Unit filename="/data/home/uos/11111111111111111/xdg-desktop-portal-kde/src/screencastwidget.cpp">
			<Option target="xdg-desktop-portal-kde"/>
		</Unit>
		<Unit filename="/data/home/uos/11111111111111111/xdg-desktop-portal-kde/src/screencastwidget.h">
			<Option target="xdg-desktop-portal-kde"/>
		</Unit>
		<Unit filename="/data/home/uos/11111111111111111/xdg-desktop-portal-kde/src/screenchooserdialog.cpp">
			<Option target="xdg-desktop-portal-kde"/>
		</Unit>
		<Unit filename="/data/home/uos/11111111111111111/xdg-desktop-portal-kde/src/screenchooserdialog.h">
			<Option target="xdg-desktop-portal-kde"/>
		</Unit>
		<Unit filename="/data/home/uos/11111111111111111/xdg-desktop-portal-kde/src/screenchooserdialog.ui">
			<Option target="xdg-desktop-portal-kde"/>
		</Unit>
		<Unit filename="/data/home/uos/11111111111111111/xdg-desktop-portal-kde/src/screenshot.cpp">
			<Option target="xdg-desktop-portal-kde"/>
		</Unit>
		<Unit filename="/data/home/uos/11111111111111111/xdg-desktop-portal-kde/src/screenshot.h">
			<Option target="xdg-desktop-portal-kde"/>
		</Unit>
		<Unit filename="/data/home/uos/11111111111111111/xdg-desktop-portal-kde/src/screenshotdialog.cpp">
			<Option target="xdg-desktop-portal-kde"/>
		</Unit>
		<Unit filename="/data/home/uos/11111111111111111/xdg-desktop-portal-kde/src/screenshotdialog.h">
			<Option target="xdg-desktop-portal-kde"/>
		</Unit>
		<Unit filename="/data/home/uos/11111111111111111/xdg-desktop-portal-kde/src/screenshotdialog.ui">
			<Option target="xdg-desktop-portal-kde"/>
		</Unit>
		<Unit filename="/data/home/uos/11111111111111111/xdg-desktop-portal-kde/src/session.cpp">
			<Option target="xdg-desktop-portal-kde"/>
		</Unit>
		<Unit filename="/data/home/uos/11111111111111111/xdg-desktop-portal-kde/src/session.h">
			<Option target="xdg-desktop-portal-kde"/>
		</Unit>
		<Unit filename="/data/home/uos/11111111111111111/xdg-desktop-portal-kde/src/settings.cpp">
			<Option target="xdg-desktop-portal-kde"/>
		</Unit>
		<Unit filename="/data/home/uos/11111111111111111/xdg-desktop-portal-kde/src/settings.h">
			<Option target="xdg-desktop-portal-kde"/>
		</Unit>
		<Unit filename="/data/home/uos/11111111111111111/xdg-desktop-portal-kde/src/ui_accessdialog.h">
			<Option target="xdg-desktop-portal-kde"/>
		</Unit>
		<Unit filename="/data/home/uos/11111111111111111/xdg-desktop-portal-kde/src/ui_remotedesktopdialog.h">
			<Option target="xdg-desktop-portal-kde"/>
		</Unit>
		<Unit filename="/data/home/uos/11111111111111111/xdg-desktop-portal-kde/src/ui_screenchooserdialog.h">
			<Option target="xdg-desktop-portal-kde"/>
		</Unit>
		<Unit filename="/data/home/uos/11111111111111111/xdg-desktop-portal-kde/src/ui_screenshotdialog.h">
			<Option target="xdg-desktop-portal-kde"/>
		</Unit>
		<Unit filename="/data/home/uos/11111111111111111/xdg-desktop-portal-kde/src/utils.cpp">
			<Option target="xdg-desktop-portal-kde"/>
		</Unit>
		<Unit filename="/data/home/uos/11111111111111111/xdg-desktop-portal-kde/src/utils.h">
			<Option target="xdg-desktop-portal-kde"/>
		</Unit>
		<Unit filename="/data/home/uos/11111111111111111/xdg-desktop-portal-kde/src/waylandintegration.cpp">
			<Option target="xdg-desktop-portal-kde"/>
		</Unit>
		<Unit filename="/data/home/uos/11111111111111111/xdg-desktop-portal-kde/src/waylandintegration.h">
			<Option target="xdg-desktop-portal-kde"/>
		</Unit>
		<Unit filename="/data/home/uos/11111111111111111/xdg-desktop-portal-kde/src/xdg-desktop-portal-kde.cpp">
			<Option target="xdg-desktop-portal-kde"/>
		</Unit>
		<Unit filename="/data/home/uos/11111111111111111/xdg-desktop-portal-kde/src/xdg-desktop-portal-kde_autogen/mocs_compilation.cpp">
			<Option target="xdg-desktop-portal-kde"/>
		</Unit>
		<Unit filename="/data/home/uos/11111111111111111/xdg-desktop-portal-kde/CMakeLists.txt">
			<Option virtualFolder="CMake Files\"/>
		</Unit>
		<Unit filename="/data/home/uos/11111111111111111/xdg-desktop-portal-kde/../../../../../usr/share/ECM/cmake/ECMConfig.cmake">
			<Option virtualFolder="CMake Files\..\..\..\..\..\usr\share\ECM\cmake\"/>
		</Unit>
		<Unit filename="/data/home/uos/11111111111111111/xdg-desktop-portal-kde/../../../../../usr/share/ECM/cmake/ECMConfigVersion.cmake">
			<Option virtualFolder="CMake Files\..\..\..\..\..\usr\share\ECM\cmake\"/>
		</Unit>
		<Unit filename="/data/home/uos/11111111111111111/xdg-desktop-portal-kde/../../../../../usr/share/ECM/modules/ECMCoverageOption.cmake">
			<Option virtualFolder="CMake Files\..\..\..\..\..\usr\share\ECM\modules\"/>
		</Unit>
		<Unit filename="/data/home/uos/11111111111111111/xdg-desktop-portal-kde/../../../../../usr/share/ECM/modules/ECMEnableSanitizers.cmake">
			<Option virtualFolder="CMake Files\..\..\..\..\..\usr\share\ECM\modules\"/>
		</Unit>
		<Unit filename="/data/home/uos/11111111111111111/xdg-desktop-portal-kde/../../../../../usr/share/ECM/modules/ECMFindModuleHelpers.cmake">
			<Option virtualFolder="CMake Files\..\..\..\..\..\usr\share\ECM\modules\"/>
		</Unit>
		<Unit filename="/data/home/uos/11111111111111111/xdg-desktop-portal-kde/../../../../../usr/share/ECM/modules/ECMQueryQmake.cmake">
			<Option virtualFolder="CMake Files\..\..\..\..\..\usr\share\ECM\modules\"/>
		</Unit>
		<Unit filename="/data/home/uos/11111111111111111/xdg-desktop-portal-kde/../../../../../usr/share/ECM/modules/ECMUninstallTarget.cmake">
			<Option virtualFolder="CMake Files\..\..\..\..\..\usr\share\ECM\modules\"/>
		</Unit>
		<Unit filename="/data/home/uos/11111111111111111/xdg-desktop-portal-kde/../../../../../usr/share/ECM/modules/ECMUseFindModules.cmake">
			<Option virtualFolder="CMake Files\..\..\..\..\..\usr\share\ECM\modules\"/>
		</Unit>
		<Unit filename="/data/home/uos/11111111111111111/xdg-desktop-portal-kde/../../../../../usr/share/ECM/modules/ecm_uninstall.cmake.in">
			<Option virtualFolder="CMake Files\..\..\..\..\..\usr\share\ECM\modules\"/>
		</Unit>
		<Unit filename="/data/home/uos/11111111111111111/xdg-desktop-portal-kde/../../../../../usr/share/ECM/kde-modules/KDECMakeSettings.cmake">
			<Option virtualFolder="CMake Files\..\..\..\..\..\usr\share\ECM\kde-modules\"/>
		</Unit>
		<Unit filename="/data/home/uos/11111111111111111/xdg-desktop-portal-kde/../../../../../usr/share/ECM/kde-modules/KDECompilerSettings.cmake">
			<Option virtualFolder="CMake Files\..\..\..\..\..\usr\share\ECM\kde-modules\"/>
		</Unit>
		<Unit filename="/data/home/uos/11111111111111111/xdg-desktop-portal-kde/../../../../../usr/share/ECM/kde-modules/KDEFrameworkCompilerSettings.cmake">
			<Option virtualFolder="CMake Files\..\..\..\..\..\usr\share\ECM\kde-modules\"/>
		</Unit>
		<Unit filename="/data/home/uos/11111111111111111/xdg-desktop-portal-kde/../../../../../usr/share/ECM/kde-modules/KDEInstallDirs.cmake">
			<Option virtualFolder="CMake Files\..\..\..\..\..\usr\share\ECM\kde-modules\"/>
		</Unit>
		<Unit filename="/data/home/uos/11111111111111111/xdg-desktop-portal-kde/../../../../../usr/share/ECM/kde-modules/prefix.sh.cmake">
			<Option virtualFolder="CMake Files\..\..\..\..\..\usr\share\ECM\kde-modules\"/>
		</Unit>
		<Unit filename="/data/home/uos/11111111111111111/xdg-desktop-portal-kde/../../../../../usr/share/ECM/find-modules/ECMFindModuleHelpersStub.cmake">
			<Option virtualFolder="CMake Files\..\..\..\..\..\usr\share\ECM\find-modules\"/>
		</Unit>
		<Unit filename="/data/home/uos/11111111111111111/xdg-desktop-portal-kde/../../../../../usr/share/ECM/find-modules/FindKF5.cmake">
			<Option virtualFolder="CMake Files\..\..\..\..\..\usr\share\ECM\find-modules\"/>
		</Unit>
		<Unit filename="/data/home/uos/11111111111111111/xdg-desktop-portal-kde/../../../../../usr/lib/aarch64-linux-gnu/cmake/Qt5Core/Qt5CoreConfig.cmake">
			<Option virtualFolder="CMake Files\..\..\..\..\..\usr\lib\aarch64-linux-gnu\cmake\Qt5Core\"/>
		</Unit>
		<Unit filename="/data/home/uos/11111111111111111/xdg-desktop-portal-kde/../../../../../usr/lib/aarch64-linux-gnu/cmake/Qt5Core/Qt5CoreConfigExtras.cmake">
			<Option virtualFolder="CMake Files\..\..\..\..\..\usr\lib\aarch64-linux-gnu\cmake\Qt5Core\"/>
		</Unit>
		<Unit filename="/data/home/uos/11111111111111111/xdg-desktop-portal-kde/../../../../../usr/lib/aarch64-linux-gnu/cmake/Qt5Core/Qt5CoreConfigExtrasMkspecDir.cmake">
			<Option virtualFolder="CMake Files\..\..\..\..\..\usr\lib\aarch64-linux-gnu\cmake\Qt5Core\"/>
		</Unit>
		<Unit filename="/data/home/uos/11111111111111111/xdg-desktop-portal-kde/../../../../../usr/lib/aarch64-linux-gnu/cmake/Qt5Core/Qt5CoreConfigVersion.cmake">
			<Option virtualFolder="CMake Files\..\..\..\..\..\usr\lib\aarch64-linux-gnu\cmake\Qt5Core\"/>
		</Unit>
		<Unit filename="/data/home/uos/11111111111111111/xdg-desktop-portal-kde/../../../../../usr/lib/aarch64-linux-gnu/cmake/Qt5Core/Qt5CoreMacros.cmake">
			<Option virtualFolder="CMake Files\..\..\..\..\..\usr\lib\aarch64-linux-gnu\cmake\Qt5Core\"/>
		</Unit>
		<Unit filename="/data/home/uos/11111111111111111/xdg-desktop-portal-kde/../../../../../usr/lib/aarch64-linux-gnu/cmake/Qt5/Qt5Config.cmake">
			<Option virtualFolder="CMake Files\..\..\..\..\..\usr\lib\aarch64-linux-gnu\cmake\Qt5\"/>
		</Unit>
		<Unit filename="/data/home/uos/11111111111111111/xdg-desktop-portal-kde/../../../../../usr/lib/aarch64-linux-gnu/cmake/Qt5/Qt5ConfigVersion.cmake">
			<Option virtualFolder="CMake Files\..\..\..\..\..\usr\lib\aarch64-linux-gnu\cmake\Qt5\"/>
		</Unit>
		<Unit filename="/data/home/uos/11111111111111111/xdg-desktop-portal-kde/../../../../../usr/lib/aarch64-linux-gnu/cmake/Qt5/Qt5ModuleLocation.cmake">
			<Option virtualFolder="CMake Files\..\..\..\..\..\usr\lib\aarch64-linux-gnu\cmake\Qt5\"/>
		</Unit>
		<Unit filename="/data/home/uos/11111111111111111/xdg-desktop-portal-kde/../../../../../usr/lib/aarch64-linux-gnu/cmake/Qt5Concurrent/Qt5ConcurrentConfig.cmake">
			<Option virtualFolder="CMake Files\..\..\..\..\..\usr\lib\aarch64-linux-gnu\cmake\Qt5Concurrent\"/>
		</Unit>
		<Unit filename="/data/home/uos/11111111111111111/xdg-desktop-portal-kde/../../../../../usr/lib/aarch64-linux-gnu/cmake/Qt5Concurrent/Qt5ConcurrentConfigVersion.cmake">
			<Option virtualFolder="CMake Files\..\..\..\..\..\usr\lib\aarch64-linux-gnu\cmake\Qt5Concurrent\"/>
		</Unit>
		<Unit filename="/data/home/uos/11111111111111111/xdg-desktop-portal-kde/../../../../../usr/lib/aarch64-linux-gnu/cmake/Qt5DBus/Qt5DBusConfig.cmake">
			<Option virtualFolder="CMake Files\..\..\..\..\..\usr\lib\aarch64-linux-gnu\cmake\Qt5DBus\"/>
		</Unit>
		<Unit filename="/data/home/uos/11111111111111111/xdg-desktop-portal-kde/../../../../../usr/lib/aarch64-linux-gnu/cmake/Qt5DBus/Qt5DBusConfigExtras.cmake">
			<Option virtualFolder="CMake Files\..\..\..\..\..\usr\lib\aarch64-linux-gnu\cmake\Qt5DBus\"/>
		</Unit>
		<Unit filename="/data/home/uos/11111111111111111/xdg-desktop-portal-kde/../../../../../usr/lib/aarch64-linux-gnu/cmake/Qt5DBus/Qt5DBusConfigVersion.cmake">
			<Option virtualFolder="CMake Files\..\..\..\..\..\usr\lib\aarch64-linux-gnu\cmake\Qt5DBus\"/>
		</Unit>
		<Unit filename="/data/home/uos/11111111111111111/xdg-desktop-portal-kde/../../../../../usr/lib/aarch64-linux-gnu/cmake/Qt5DBus/Qt5DBusMacros.cmake">
			<Option virtualFolder="CMake Files\..\..\..\..\..\usr\lib\aarch64-linux-gnu\cmake\Qt5DBus\"/>
		</Unit>
		<Unit filename="/data/home/uos/11111111111111111/xdg-desktop-portal-kde/../../../../../usr/lib/aarch64-linux-gnu/cmake/Qt5PrintSupport/Qt5PrintSupportConfig.cmake">
			<Option virtualFolder="CMake Files\..\..\..\..\..\usr\lib\aarch64-linux-gnu\cmake\Qt5PrintSupport\"/>
		</Unit>
		<Unit filename="/data/home/uos/11111111111111111/xdg-desktop-portal-kde/../../../../../usr/lib/aarch64-linux-gnu/cmake/Qt5PrintSupport/Qt5PrintSupportConfigVersion.cmake">
			<Option virtualFolder="CMake Files\..\..\..\..\..\usr\lib\aarch64-linux-gnu\cmake\Qt5PrintSupport\"/>
		</Unit>
		<Unit filename="/data/home/uos/11111111111111111/xdg-desktop-portal-kde/../../../../../usr/lib/aarch64-linux-gnu/cmake/Qt5Widgets/Qt5WidgetsConfig.cmake">
			<Option virtualFolder="CMake Files\..\..\..\..\..\usr\lib\aarch64-linux-gnu\cmake\Qt5Widgets\"/>
		</Unit>
		<Unit filename="/data/home/uos/11111111111111111/xdg-desktop-portal-kde/../../../../../usr/lib/aarch64-linux-gnu/cmake/Qt5Widgets/Qt5WidgetsConfigExtras.cmake">
			<Option virtualFolder="CMake Files\..\..\..\..\..\usr\lib\aarch64-linux-gnu\cmake\Qt5Widgets\"/>
		</Unit>
		<Unit filename="/data/home/uos/11111111111111111/xdg-desktop-portal-kde/../../../../../usr/lib/aarch64-linux-gnu/cmake/Qt5Widgets/Qt5WidgetsConfigVersion.cmake">
			<Option virtualFolder="CMake Files\..\..\..\..\..\usr\lib\aarch64-linux-gnu\cmake\Qt5Widgets\"/>
		</Unit>
		<Unit filename="/data/home/uos/11111111111111111/xdg-desktop-portal-kde/../../../../../usr/lib/aarch64-linux-gnu/cmake/Qt5Widgets/Qt5WidgetsMacros.cmake">
			<Option virtualFolder="CMake Files\..\..\..\..\..\usr\lib\aarch64-linux-gnu\cmake\Qt5Widgets\"/>
		</Unit>
		<Unit filename="/data/home/uos/11111111111111111/xdg-desktop-portal-kde/../../../../../usr/lib/aarch64-linux-gnu/cmake/Qt5Gui/Qt5GuiConfig.cmake">
			<Option virtualFolder="CMake Files\..\..\..\..\..\usr\lib\aarch64-linux-gnu\cmake\Qt5Gui\"/>
		</Unit>
		<Unit filename="/data/home/uos/11111111111111111/xdg-desktop-portal-kde/../../../../../usr/lib/aarch64-linux-gnu/cmake/Qt5Gui/Qt5GuiConfigExtras.cmake">
			<Option virtualFolder="CMake Files\..\..\..\..\..\usr\lib\aarch64-linux-gnu\cmake\Qt5Gui\"/>
		</Unit>
		<Unit filename="/data/home/uos/11111111111111111/xdg-desktop-portal-kde/../../../../../usr/lib/aarch64-linux-gnu/cmake/Qt5Gui/Qt5GuiConfigVersion.cmake">
			<Option virtualFolder="CMake Files\..\..\..\..\..\usr\lib\aarch64-linux-gnu\cmake\Qt5Gui\"/>
		</Unit>
		<Unit filename="/data/home/uos/11111111111111111/xdg-desktop-portal-kde/../../../../../usr/lib/aarch64-linux-gnu/cmake/KF5CoreAddons/KF5CoreAddonsConfig.cmake">
			<Option virtualFolder="CMake Files\..\..\..\..\..\usr\lib\aarch64-linux-gnu\cmake\KF5CoreAddons\"/>
		</Unit>
		<Unit filename="/data/home/uos/11111111111111111/xdg-desktop-portal-kde/../../../../../usr/lib/aarch64-linux-gnu/cmake/KF5CoreAddons/KF5CoreAddonsConfigVersion.cmake">
			<Option virtualFolder="CMake Files\..\..\..\..\..\usr\lib\aarch64-linux-gnu\cmake\KF5CoreAddons\"/>
		</Unit>
		<Unit filename="/data/home/uos/11111111111111111/xdg-desktop-portal-kde/../../../../../usr/lib/aarch64-linux-gnu/cmake/KF5CoreAddons/KF5CoreAddonsMacros.cmake">
			<Option virtualFolder="CMake Files\..\..\..\..\..\usr\lib\aarch64-linux-gnu\cmake\KF5CoreAddons\"/>
		</Unit>
		<Unit filename="/data/home/uos/11111111111111111/xdg-desktop-portal-kde/../../../../../usr/lib/aarch64-linux-gnu/cmake/KF5CoreAddons/KF5CoreAddonsQchTargets.cmake">
			<Option virtualFolder="CMake Files\..\..\..\..\..\usr\lib\aarch64-linux-gnu\cmake\KF5CoreAddons\"/>
		</Unit>
		<Unit filename="/data/home/uos/11111111111111111/xdg-desktop-portal-kde/../../../../../usr/lib/aarch64-linux-gnu/cmake/KF5CoreAddons/KF5CoreAddonsTargets-debian.cmake">
			<Option virtualFolder="CMake Files\..\..\..\..\..\usr\lib\aarch64-linux-gnu\cmake\KF5CoreAddons\"/>
		</Unit>
		<Unit filename="/data/home/uos/11111111111111111/xdg-desktop-portal-kde/../../../../../usr/lib/aarch64-linux-gnu/cmake/KF5CoreAddons/KF5CoreAddonsTargets.cmake">
			<Option virtualFolder="CMake Files\..\..\..\..\..\usr\lib\aarch64-linux-gnu\cmake\KF5CoreAddons\"/>
		</Unit>
		<Unit filename="/data/home/uos/11111111111111111/xdg-desktop-portal-kde/../../../../../usr/lib/aarch64-linux-gnu/cmake/KF5CoreAddons/KF5CoreAddonsToolingTargets-debian.cmake">
			<Option virtualFolder="CMake Files\..\..\..\..\..\usr\lib\aarch64-linux-gnu\cmake\KF5CoreAddons\"/>
		</Unit>
		<Unit filename="/data/home/uos/11111111111111111/xdg-desktop-portal-kde/../../../../../usr/lib/aarch64-linux-gnu/cmake/KF5CoreAddons/KF5CoreAddonsToolingTargets.cmake">
			<Option virtualFolder="CMake Files\..\..\..\..\..\usr\lib\aarch64-linux-gnu\cmake\KF5CoreAddons\"/>
		</Unit>
		<Unit filename="/data/home/uos/11111111111111111/xdg-desktop-portal-kde/../../../../../usr/lib/aarch64-linux-gnu/cmake/KF5Config/KF5ConfigCompilerTargets-debian.cmake">
			<Option virtualFolder="CMake Files\..\..\..\..\..\usr\lib\aarch64-linux-gnu\cmake\KF5Config\"/>
		</Unit>
		<Unit filename="/data/home/uos/11111111111111111/xdg-desktop-portal-kde/../../../../../usr/lib/aarch64-linux-gnu/cmake/KF5Config/KF5ConfigCompilerTargets.cmake">
			<Option virtualFolder="CMake Files\..\..\..\..\..\usr\lib\aarch64-linux-gnu\cmake\KF5Config\"/>
		</Unit>
		<Unit filename="/data/home/uos/11111111111111111/xdg-desktop-portal-kde/../../../../../usr/lib/aarch64-linux-gnu/cmake/KF5Config/KF5ConfigConfig.cmake">
			<Option virtualFolder="CMake Files\..\..\..\..\..\usr\lib\aarch64-linux-gnu\cmake\KF5Config\"/>
		</Unit>
		<Unit filename="/data/home/uos/11111111111111111/xdg-desktop-portal-kde/../../../../../usr/lib/aarch64-linux-gnu/cmake/KF5Config/KF5ConfigConfigVersion.cmake">
			<Option virtualFolder="CMake Files\..\..\..\..\..\usr\lib\aarch64-linux-gnu\cmake\KF5Config\"/>
		</Unit>
		<Unit filename="/data/home/uos/11111111111111111/xdg-desktop-portal-kde/../../../../../usr/lib/aarch64-linux-gnu/cmake/KF5Config/KF5ConfigMacros.cmake">
			<Option virtualFolder="CMake Files\..\..\..\..\..\usr\lib\aarch64-linux-gnu\cmake\KF5Config\"/>
		</Unit>
		<Unit filename="/data/home/uos/11111111111111111/xdg-desktop-portal-kde/../../../../../usr/lib/aarch64-linux-gnu/cmake/KF5Config/KF5ConfigQchTargets.cmake">
			<Option virtualFolder="CMake Files\..\..\..\..\..\usr\lib\aarch64-linux-gnu\cmake\KF5Config\"/>
		</Unit>
		<Unit filename="/data/home/uos/11111111111111111/xdg-desktop-portal-kde/../../../../../usr/lib/aarch64-linux-gnu/cmake/KF5Config/KF5ConfigTargets-debian.cmake">
			<Option virtualFolder="CMake Files\..\..\..\..\..\usr\lib\aarch64-linux-gnu\cmake\KF5Config\"/>
		</Unit>
		<Unit filename="/data/home/uos/11111111111111111/xdg-desktop-portal-kde/../../../../../usr/lib/aarch64-linux-gnu/cmake/KF5Config/KF5ConfigTargets.cmake">
			<Option virtualFolder="CMake Files\..\..\..\..\..\usr\lib\aarch64-linux-gnu\cmake\KF5Config\"/>
		</Unit>
		<Unit filename="/data/home/uos/11111111111111111/xdg-desktop-portal-kde/../../../../../usr/lib/aarch64-linux-gnu/cmake/Qt5Xml/Qt5XmlConfig.cmake">
			<Option virtualFolder="CMake Files\..\..\..\..\..\usr\lib\aarch64-linux-gnu\cmake\Qt5Xml\"/>
		</Unit>
		<Unit filename="/data/home/uos/11111111111111111/xdg-desktop-portal-kde/../../../../../usr/lib/aarch64-linux-gnu/cmake/Qt5Xml/Qt5XmlConfigVersion.cmake">
			<Option virtualFolder="CMake Files\..\..\..\..\..\usr\lib\aarch64-linux-gnu\cmake\Qt5Xml\"/>
		</Unit>
		<Unit filename="/data/home/uos/11111111111111111/xdg-desktop-portal-kde/../../../../../usr/lib/aarch64-linux-gnu/cmake/KF5I18n/KF5I18nConfig.cmake">
			<Option virtualFolder="CMake Files\..\..\..\..\..\usr\lib\aarch64-linux-gnu\cmake\KF5I18n\"/>
		</Unit>
		<Unit filename="/data/home/uos/11111111111111111/xdg-desktop-portal-kde/../../../../../usr/lib/aarch64-linux-gnu/cmake/KF5I18n/KF5I18nConfigVersion.cmake">
			<Option virtualFolder="CMake Files\..\..\..\..\..\usr\lib\aarch64-linux-gnu\cmake\KF5I18n\"/>
		</Unit>
		<Unit filename="/data/home/uos/11111111111111111/xdg-desktop-portal-kde/../../../../../usr/lib/aarch64-linux-gnu/cmake/KF5I18n/KF5I18nMacros.cmake">
			<Option virtualFolder="CMake Files\..\..\..\..\..\usr\lib\aarch64-linux-gnu\cmake\KF5I18n\"/>
		</Unit>
		<Unit filename="/data/home/uos/11111111111111111/xdg-desktop-portal-kde/../../../../../usr/lib/aarch64-linux-gnu/cmake/KF5I18n/KF5I18nQchTargets.cmake">
			<Option virtualFolder="CMake Files\..\..\..\..\..\usr\lib\aarch64-linux-gnu\cmake\KF5I18n\"/>
		</Unit>
		<Unit filename="/data/home/uos/11111111111111111/xdg-desktop-portal-kde/../../../../../usr/lib/aarch64-linux-gnu/cmake/KF5I18n/KF5I18nTargets-debian.cmake">
			<Option virtualFolder="CMake Files\..\..\..\..\..\usr\lib\aarch64-linux-gnu\cmake\KF5I18n\"/>
		</Unit>
		<Unit filename="/data/home/uos/11111111111111111/xdg-desktop-portal-kde/../../../../../usr/lib/aarch64-linux-gnu/cmake/KF5I18n/KF5I18nTargets.cmake">
			<Option virtualFolder="CMake Files\..\..\..\..\..\usr\lib\aarch64-linux-gnu\cmake\KF5I18n\"/>
		</Unit>
		<Unit filename="/data/home/uos/11111111111111111/xdg-desktop-portal-kde/../../../../../usr/lib/aarch64-linux-gnu/cmake/KF5KIO/KF5KIOConfig.cmake">
			<Option virtualFolder="CMake Files\..\..\..\..\..\usr\lib\aarch64-linux-gnu\cmake\KF5KIO\"/>
		</Unit>
		<Unit filename="/data/home/uos/11111111111111111/xdg-desktop-portal-kde/../../../../../usr/lib/aarch64-linux-gnu/cmake/KF5KIO/KF5KIOConfigVersion.cmake">
			<Option virtualFolder="CMake Files\..\..\..\..\..\usr\lib\aarch64-linux-gnu\cmake\KF5KIO\"/>
		</Unit>
		<Unit filename="/data/home/uos/11111111111111111/xdg-desktop-portal-kde/../../../../../usr/lib/aarch64-linux-gnu/cmake/KF5KIO/KF5KIOQchTargets.cmake">
			<Option virtualFolder="CMake Files\..\..\..\..\..\usr\lib\aarch64-linux-gnu\cmake\KF5KIO\"/>
		</Unit>
		<Unit filename="/data/home/uos/11111111111111111/xdg-desktop-portal-kde/../../../../../usr/lib/aarch64-linux-gnu/cmake/KF5KIO/KF5KIOTargets-debian.cmake">
			<Option virtualFolder="CMake Files\..\..\..\..\..\usr\lib\aarch64-linux-gnu\cmake\KF5KIO\"/>
		</Unit>
		<Unit filename="/data/home/uos/11111111111111111/xdg-desktop-portal-kde/../../../../../usr/lib/aarch64-linux-gnu/cmake/KF5KIO/KF5KIOTargets.cmake">
			<Option virtualFolder="CMake Files\..\..\..\..\..\usr\lib\aarch64-linux-gnu\cmake\KF5KIO\"/>
		</Unit>
		<Unit filename="/data/home/uos/11111111111111111/xdg-desktop-portal-kde/../../../../../usr/lib/aarch64-linux-gnu/cmake/KF5Service/KF5ServiceConfig.cmake">
			<Option virtualFolder="CMake Files\..\..\..\..\..\usr\lib\aarch64-linux-gnu\cmake\KF5Service\"/>
		</Unit>
		<Unit filename="/data/home/uos/11111111111111111/xdg-desktop-portal-kde/../../../../../usr/lib/aarch64-linux-gnu/cmake/KF5Service/KF5ServiceConfigVersion.cmake">
			<Option virtualFolder="CMake Files\..\..\..\..\..\usr\lib\aarch64-linux-gnu\cmake\KF5Service\"/>
		</Unit>
		<Unit filename="/data/home/uos/11111111111111111/xdg-desktop-portal-kde/../../../../../usr/lib/aarch64-linux-gnu/cmake/KF5Service/KF5ServiceMacros.cmake">
			<Option virtualFolder="CMake Files\..\..\..\..\..\usr\lib\aarch64-linux-gnu\cmake\KF5Service\"/>
		</Unit>
		<Unit filename="/data/home/uos/11111111111111111/xdg-desktop-portal-kde/../../../../../usr/lib/aarch64-linux-gnu/cmake/KF5Service/KF5ServiceQchTargets.cmake">
			<Option virtualFolder="CMake Files\..\..\..\..\..\usr\lib\aarch64-linux-gnu\cmake\KF5Service\"/>
		</Unit>
		<Unit filename="/data/home/uos/11111111111111111/xdg-desktop-portal-kde/../../../../../usr/lib/aarch64-linux-gnu/cmake/KF5Service/KF5ServiceTargets-debian.cmake">
			<Option virtualFolder="CMake Files\..\..\..\..\..\usr\lib\aarch64-linux-gnu\cmake\KF5Service\"/>
		</Unit>
		<Unit filename="/data/home/uos/11111111111111111/xdg-desktop-portal-kde/../../../../../usr/lib/aarch64-linux-gnu/cmake/KF5Service/KF5ServiceTargets.cmake">
			<Option virtualFolder="CMake Files\..\..\..\..\..\usr\lib\aarch64-linux-gnu\cmake\KF5Service\"/>
		</Unit>
		<Unit filename="/data/home/uos/11111111111111111/xdg-desktop-portal-kde/../../../../../usr/lib/aarch64-linux-gnu/cmake/KF5Bookmarks/KF5BookmarksConfig.cmake">
			<Option virtualFolder="CMake Files\..\..\..\..\..\usr\lib\aarch64-linux-gnu\cmake\KF5Bookmarks\"/>
		</Unit>
		<Unit filename="/data/home/uos/11111111111111111/xdg-desktop-portal-kde/../../../../../usr/lib/aarch64-linux-gnu/cmake/KF5Bookmarks/KF5BookmarksConfigVersion.cmake">
			<Option virtualFolder="CMake Files\..\..\..\..\..\usr\lib\aarch64-linux-gnu\cmake\KF5Bookmarks\"/>
		</Unit>
		<Unit filename="/data/home/uos/11111111111111111/xdg-desktop-portal-kde/../../../../../usr/lib/aarch64-linux-gnu/cmake/KF5Bookmarks/KF5BookmarksQchTargets.cmake">
			<Option virtualFolder="CMake Files\..\..\..\..\..\usr\lib\aarch64-linux-gnu\cmake\KF5Bookmarks\"/>
		</Unit>
		<Unit filename="/data/home/uos/11111111111111111/xdg-desktop-portal-kde/../../../../../usr/lib/aarch64-linux-gnu/cmake/KF5Bookmarks/KF5BookmarksTargets-debian.cmake">
			<Option virtualFolder="CMake Files\..\..\..\..\..\usr\lib\aarch64-linux-gnu\cmake\KF5Bookmarks\"/>
		</Unit>
		<Unit filename="/data/home/uos/11111111111111111/xdg-desktop-portal-kde/../../../../../usr/lib/aarch64-linux-gnu/cmake/KF5Bookmarks/KF5BookmarksTargets.cmake">
			<Option virtualFolder="CMake Files\..\..\..\..\..\usr\lib\aarch64-linux-gnu\cmake\KF5Bookmarks\"/>
		</Unit>
		<Unit filename="/data/home/uos/11111111111111111/xdg-desktop-portal-kde/../../../../../usr/lib/aarch64-linux-gnu/cmake/KF5WidgetsAddons/KF5WidgetsAddonsConfig.cmake">
			<Option virtualFolder="CMake Files\..\..\..\..\..\usr\lib\aarch64-linux-gnu\cmake\KF5WidgetsAddons\"/>
		</Unit>
		<Unit filename="/data/home/uos/11111111111111111/xdg-desktop-portal-kde/../../../../../usr/lib/aarch64-linux-gnu/cmake/KF5WidgetsAddons/KF5WidgetsAddonsConfigVersion.cmake">
			<Option virtualFolder="CMake Files\..\..\..\..\..\usr\lib\aarch64-linux-gnu\cmake\KF5WidgetsAddons\"/>
		</Unit>
		<Unit filename="/data/home/uos/11111111111111111/xdg-desktop-portal-kde/../../../../../usr/lib/aarch64-linux-gnu/cmake/KF5WidgetsAddons/KF5WidgetsAddonsQchTargets.cmake">
			<Option virtualFolder="CMake Files\..\..\..\..\..\usr\lib\aarch64-linux-gnu\cmake\KF5WidgetsAddons\"/>
		</Unit>
		<Unit filename="/data/home/uos/11111111111111111/xdg-desktop-portal-kde/../../../../../usr/lib/aarch64-linux-gnu/cmake/KF5WidgetsAddons/KF5WidgetsAddonsTargets-debian.cmake">
			<Option virtualFolder="CMake Files\..\..\..\..\..\usr\lib\aarch64-linux-gnu\cmake\KF5WidgetsAddons\"/>
		</Unit>
		<Unit filename="/data/home/uos/11111111111111111/xdg-desktop-portal-kde/../../../../../usr/lib/aarch64-linux-gnu/cmake/KF5WidgetsAddons/KF5WidgetsAddonsTargets.cmake">
			<Option virtualFolder="CMake Files\..\..\..\..\..\usr\lib\aarch64-linux-gnu\cmake\KF5WidgetsAddons\"/>
		</Unit>
		<Unit filename="/data/home/uos/11111111111111111/xdg-desktop-portal-kde/../../../../../usr/lib/aarch64-linux-gnu/cmake/KF5Completion/KF5CompletionConfig.cmake">
			<Option virtualFolder="CMake Files\..\..\..\..\..\usr\lib\aarch64-linux-gnu\cmake\KF5Completion\"/>
		</Unit>
		<Unit filename="/data/home/uos/11111111111111111/xdg-desktop-portal-kde/../../../../../usr/lib/aarch64-linux-gnu/cmake/KF5Completion/KF5CompletionConfigVersion.cmake">
			<Option virtualFolder="CMake Files\..\..\..\..\..\usr\lib\aarch64-linux-gnu\cmake\KF5Completion\"/>
		</Unit>
		<Unit filename="/data/home/uos/11111111111111111/xdg-desktop-portal-kde/../../../../../usr/lib/aarch64-linux-gnu/cmake/KF5Completion/KF5CompletionQchTargets.cmake">
			<Option virtualFolder="CMake Files\..\..\..\..\..\usr\lib\aarch64-linux-gnu\cmake\KF5Completion\"/>
		</Unit>
		<Unit filename="/data/home/uos/11111111111111111/xdg-desktop-portal-kde/../../../../../usr/lib/aarch64-linux-gnu/cmake/KF5Completion/KF5CompletionTargets-debian.cmake">
			<Option virtualFolder="CMake Files\..\..\..\..\..\usr\lib\aarch64-linux-gnu\cmake\KF5Completion\"/>
		</Unit>
		<Unit filename="/data/home/uos/11111111111111111/xdg-desktop-portal-kde/../../../../../usr/lib/aarch64-linux-gnu/cmake/KF5Completion/KF5CompletionTargets.cmake">
			<Option virtualFolder="CMake Files\..\..\..\..\..\usr\lib\aarch64-linux-gnu\cmake\KF5Completion\"/>
		</Unit>
		<Unit filename="/data/home/uos/11111111111111111/xdg-desktop-portal-kde/../../../../../usr/lib/aarch64-linux-gnu/cmake/KF5ItemViews/KF5ItemViewsConfig.cmake">
			<Option virtualFolder="CMake Files\..\..\..\..\..\usr\lib\aarch64-linux-gnu\cmake\KF5ItemViews\"/>
		</Unit>
		<Unit filename="/data/home/uos/11111111111111111/xdg-desktop-portal-kde/../../../../../usr/lib/aarch64-linux-gnu/cmake/KF5ItemViews/KF5ItemViewsConfigVersion.cmake">
			<Option virtualFolder="CMake Files\..\..\..\..\..\usr\lib\aarch64-linux-gnu\cmake\KF5ItemViews\"/>
		</Unit>
		<Unit filename="/data/home/uos/11111111111111111/xdg-desktop-portal-kde/../../../../../usr/lib/aarch64-linux-gnu/cmake/KF5ItemViews/KF5ItemViewsQCHTargets.cmake">
			<Option virtualFolder="CMake Files\..\..\..\..\..\usr\lib\aarch64-linux-gnu\cmake\KF5ItemViews\"/>
		</Unit>
		<Unit filename="/data/home/uos/11111111111111111/xdg-desktop-portal-kde/../../../../../usr/lib/aarch64-linux-gnu/cmake/KF5ItemViews/KF5ItemViewsTargets-debian.cmake">
			<Option virtualFolder="CMake Files\..\..\..\..\..\usr\lib\aarch64-linux-gnu\cmake\KF5ItemViews\"/>
		</Unit>
		<Unit filename="/data/home/uos/11111111111111111/xdg-desktop-portal-kde/../../../../../usr/lib/aarch64-linux-gnu/cmake/KF5ItemViews/KF5ItemViewsTargets.cmake">
			<Option virtualFolder="CMake Files\..\..\..\..\..\usr\lib\aarch64-linux-gnu\cmake\KF5ItemViews\"/>
		</Unit>
		<Unit filename="/data/home/uos/11111111111111111/xdg-desktop-portal-kde/../../../../../usr/lib/aarch64-linux-gnu/cmake/KF5JobWidgets/KF5JobWidgetsConfig.cmake">
			<Option virtualFolder="CMake Files\..\..\..\..\..\usr\lib\aarch64-linux-gnu\cmake\KF5JobWidgets\"/>
		</Unit>
		<Unit filename="/data/home/uos/11111111111111111/xdg-desktop-portal-kde/../../../../../usr/lib/aarch64-linux-gnu/cmake/KF5JobWidgets/KF5JobWidgetsConfigVersion.cmake">
			<Option virtualFolder="CMake Files\..\..\..\..\..\usr\lib\aarch64-linux-gnu\cmake\KF5JobWidgets\"/>
		</Unit>
		<Unit filename="/data/home/uos/11111111111111111/xdg-desktop-portal-kde/../../../../../usr/lib/aarch64-linux-gnu/cmake/KF5JobWidgets/KF5JobWidgetsQchTargets.cmake">
			<Option virtualFolder="CMake Files\..\..\..\..\..\usr\lib\aarch64-linux-gnu\cmake\KF5JobWidgets\"/>
		</Unit>
		<Unit filename="/data/home/uos/11111111111111111/xdg-desktop-portal-kde/../../../../../usr/lib/aarch64-linux-gnu/cmake/KF5JobWidgets/KF5JobWidgetsTargets-debian.cmake">
			<Option virtualFolder="CMake Files\..\..\..\..\..\usr\lib\aarch64-linux-gnu\cmake\KF5JobWidgets\"/>
		</Unit>
		<Unit filename="/data/home/uos/11111111111111111/xdg-desktop-portal-kde/../../../../../usr/lib/aarch64-linux-gnu/cmake/KF5JobWidgets/KF5JobWidgetsTargets.cmake">
			<Option virtualFolder="CMake Files\..\..\..\..\..\usr\lib\aarch64-linux-gnu\cmake\KF5JobWidgets\"/>
		</Unit>
		<Unit filename="/data/home/uos/11111111111111111/xdg-desktop-portal-kde/../../../../../usr/lib/aarch64-linux-gnu/cmake/KF5Solid/KF5SolidConfig.cmake">
			<Option virtualFolder="CMake Files\..\..\..\..\..\usr\lib\aarch64-linux-gnu\cmake\KF5Solid\"/>
		</Unit>
		<Unit filename="/data/home/uos/11111111111111111/xdg-desktop-portal-kde/../../../../../usr/lib/aarch64-linux-gnu/cmake/KF5Solid/KF5SolidConfigVersion.cmake">
			<Option virtualFolder="CMake Files\..\..\..\..\..\usr\lib\aarch64-linux-gnu\cmake\KF5Solid\"/>
		</Unit>
		<Unit filename="/data/home/uos/11111111111111111/xdg-desktop-portal-kde/../../../../../usr/lib/aarch64-linux-gnu/cmake/KF5Solid/KF5SolidQchTargets.cmake">
			<Option virtualFolder="CMake Files\..\..\..\..\..\usr\lib\aarch64-linux-gnu\cmake\KF5Solid\"/>
		</Unit>
		<Unit filename="/data/home/uos/11111111111111111/xdg-desktop-portal-kde/../../../../../usr/lib/aarch64-linux-gnu/cmake/KF5Solid/KF5SolidTargets-debian.cmake">
			<Option virtualFolder="CMake Files\..\..\..\..\..\usr\lib\aarch64-linux-gnu\cmake\KF5Solid\"/>
		</Unit>
		<Unit filename="/data/home/uos/11111111111111111/xdg-desktop-portal-kde/../../../../../usr/lib/aarch64-linux-gnu/cmake/KF5Solid/KF5SolidTargets.cmake">
			<Option virtualFolder="CMake Files\..\..\..\..\..\usr\lib\aarch64-linux-gnu\cmake\KF5Solid\"/>
		</Unit>
		<Unit filename="/data/home/uos/11111111111111111/xdg-desktop-portal-kde/../../../../../usr/lib/aarch64-linux-gnu/cmake/KF5XmlGui/KF5XmlGuiConfig.cmake">
			<Option virtualFolder="CMake Files\..\..\..\..\..\usr\lib\aarch64-linux-gnu\cmake\KF5XmlGui\"/>
		</Unit>
		<Unit filename="/data/home/uos/11111111111111111/xdg-desktop-portal-kde/../../../../../usr/lib/aarch64-linux-gnu/cmake/KF5XmlGui/KF5XmlGuiConfigVersion.cmake">
			<Option virtualFolder="CMake Files\..\..\..\..\..\usr\lib\aarch64-linux-gnu\cmake\KF5XmlGui\"/>
		</Unit>
		<Unit filename="/data/home/uos/11111111111111111/xdg-desktop-portal-kde/../../../../../usr/lib/aarch64-linux-gnu/cmake/KF5XmlGui/KF5XmlGuiQchTargets.cmake">
			<Option virtualFolder="CMake Files\..\..\..\..\..\usr\lib\aarch64-linux-gnu\cmake\KF5XmlGui\"/>
		</Unit>
		<Unit filename="/data/home/uos/11111111111111111/xdg-desktop-portal-kde/../../../../../usr/lib/aarch64-linux-gnu/cmake/KF5XmlGui/KF5XmlGuiTargets-debian.cmake">
			<Option virtualFolder="CMake Files\..\..\..\..\..\usr\lib\aarch64-linux-gnu\cmake\KF5XmlGui\"/>
		</Unit>
		<Unit filename="/data/home/uos/11111111111111111/xdg-desktop-portal-kde/../../../../../usr/lib/aarch64-linux-gnu/cmake/KF5XmlGui/KF5XmlGuiTargets.cmake">
			<Option virtualFolder="CMake Files\..\..\..\..\..\usr\lib\aarch64-linux-gnu\cmake\KF5XmlGui\"/>
		</Unit>
		<Unit filename="/data/home/uos/11111111111111111/xdg-desktop-portal-kde/../../../../../usr/lib/aarch64-linux-gnu/cmake/KF5ConfigWidgets/KF5ConfigWidgetsConfig.cmake">
			<Option virtualFolder="CMake Files\..\..\..\..\..\usr\lib\aarch64-linux-gnu\cmake\KF5ConfigWidgets\"/>
		</Unit>
		<Unit filename="/data/home/uos/11111111111111111/xdg-desktop-portal-kde/../../../../../usr/lib/aarch64-linux-gnu/cmake/KF5ConfigWidgets/KF5ConfigWidgetsConfigVersion.cmake">
			<Option virtualFolder="CMake Files\..\..\..\..\..\usr\lib\aarch64-linux-gnu\cmake\KF5ConfigWidgets\"/>
		</Unit>
		<Unit filename="/data/home/uos/11111111111111111/xdg-desktop-portal-kde/../../../../../usr/lib/aarch64-linux-gnu/cmake/KF5ConfigWidgets/KF5ConfigWidgetsQchTargets.cmake">
			<Option virtualFolder="CMake Files\..\..\..\..\..\usr\lib\aarch64-linux-gnu\cmake\KF5ConfigWidgets\"/>
		</Unit>
		<Unit filename="/data/home/uos/11111111111111111/xdg-desktop-portal-kde/../../../../../usr/lib/aarch64-linux-gnu/cmake/KF5ConfigWidgets/KF5ConfigWidgetsTargets-debian.cmake">
			<Option virtualFolder="CMake Files\..\..\..\..\..\usr\lib\aarch64-linux-gnu\cmake\KF5ConfigWidgets\"/>
		</Unit>
		<Unit filename="/data/home/uos/11111111111111111/xdg-desktop-portal-kde/../../../../../usr/lib/aarch64-linux-gnu/cmake/KF5ConfigWidgets/KF5ConfigWidgetsTargets.cmake">
			<Option virtualFolder="CMake Files\..\..\..\..\..\usr\lib\aarch64-linux-gnu\cmake\KF5ConfigWidgets\"/>
		</Unit>
		<Unit filename="/data/home/uos/11111111111111111/xdg-desktop-portal-kde/../../../../../usr/lib/aarch64-linux-gnu/cmake/KF5Auth/KF5AuthConfig.cmake">
			<Option virtualFolder="CMake Files\..\..\..\..\..\usr\lib\aarch64-linux-gnu\cmake\KF5Auth\"/>
		</Unit>
		<Unit filename="/data/home/uos/11111111111111111/xdg-desktop-portal-kde/../../../../../usr/lib/aarch64-linux-gnu/cmake/KF5Auth/KF5AuthConfigVersion.cmake">
			<Option virtualFolder="CMake Files\..\..\..\..\..\usr\lib\aarch64-linux-gnu\cmake\KF5Auth\"/>
		</Unit>
		<Unit filename="/data/home/uos/11111111111111111/xdg-desktop-portal-kde/../../../../../usr/lib/aarch64-linux-gnu/cmake/KF5Auth/KF5AuthMacros.cmake">
			<Option virtualFolder="CMake Files\..\..\..\..\..\usr\lib\aarch64-linux-gnu\cmake\KF5Auth\"/>
		</Unit>
		<Unit filename="/data/home/uos/11111111111111111/xdg-desktop-portal-kde/../../../../../usr/lib/aarch64-linux-gnu/cmake/KF5Auth/KF5AuthQchTargets.cmake">
			<Option virtualFolder="CMake Files\..\..\..\..\..\usr\lib\aarch64-linux-gnu\cmake\KF5Auth\"/>
		</Unit>
		<Unit filename="/data/home/uos/11111111111111111/xdg-desktop-portal-kde/../../../../../usr/lib/aarch64-linux-gnu/cmake/KF5Auth/KF5AuthTargets-debian.cmake">
			<Option virtualFolder="CMake Files\..\..\..\..\..\usr\lib\aarch64-linux-gnu\cmake\KF5Auth\"/>
		</Unit>
		<Unit filename="/data/home/uos/11111111111111111/xdg-desktop-portal-kde/../../../../../usr/lib/aarch64-linux-gnu/cmake/KF5Auth/KF5AuthTargets.cmake">
			<Option virtualFolder="CMake Files\..\..\..\..\..\usr\lib\aarch64-linux-gnu\cmake\KF5Auth\"/>
		</Unit>
		<Unit filename="/data/home/uos/11111111111111111/xdg-desktop-portal-kde/../../../../../usr/lib/aarch64-linux-gnu/cmake/KF5Auth/KF5AuthToolsTargets-debian.cmake">
			<Option virtualFolder="CMake Files\..\..\..\..\..\usr\lib\aarch64-linux-gnu\cmake\KF5Auth\"/>
		</Unit>
		<Unit filename="/data/home/uos/11111111111111111/xdg-desktop-portal-kde/../../../../../usr/lib/aarch64-linux-gnu/cmake/KF5Auth/KF5AuthToolsTargets.cmake">
			<Option virtualFolder="CMake Files\..\..\..\..\..\usr\lib\aarch64-linux-gnu\cmake\KF5Auth\"/>
		</Unit>
		<Unit filename="/data/home/uos/11111111111111111/xdg-desktop-portal-kde/../../../../../usr/lib/aarch64-linux-gnu/cmake/KF5Codecs/KF5CodecsConfig.cmake">
			<Option virtualFolder="CMake Files\..\..\..\..\..\usr\lib\aarch64-linux-gnu\cmake\KF5Codecs\"/>
		</Unit>
		<Unit filename="/data/home/uos/11111111111111111/xdg-desktop-portal-kde/../../../../../usr/lib/aarch64-linux-gnu/cmake/KF5Codecs/KF5CodecsConfigVersion.cmake">
			<Option virtualFolder="CMake Files\..\..\..\..\..\usr\lib\aarch64-linux-gnu\cmake\KF5Codecs\"/>
		</Unit>
		<Unit filename="/data/home/uos/11111111111111111/xdg-desktop-portal-kde/../../../../../usr/lib/aarch64-linux-gnu/cmake/KF5Codecs/KF5CodecsQchTargets.cmake">
			<Option virtualFolder="CMake Files\..\..\..\..\..\usr\lib\aarch64-linux-gnu\cmake\KF5Codecs\"/>
		</Unit>
		<Unit filename="/data/home/uos/11111111111111111/xdg-desktop-portal-kde/../../../../../usr/lib/aarch64-linux-gnu/cmake/KF5Codecs/KF5CodecsTargets-debian.cmake">
			<Option virtualFolder="CMake Files\..\..\..\..\..\usr\lib\aarch64-linux-gnu\cmake\KF5Codecs\"/>
		</Unit>
		<Unit filename="/data/home/uos/11111111111111111/xdg-desktop-portal-kde/../../../../../usr/lib/aarch64-linux-gnu/cmake/KF5Codecs/KF5CodecsTargets.cmake">
			<Option virtualFolder="CMake Files\..\..\..\..\..\usr\lib\aarch64-linux-gnu\cmake\KF5Codecs\"/>
		</Unit>
		<Unit filename="/data/home/uos/11111111111111111/xdg-desktop-portal-kde/../../../../../usr/lib/aarch64-linux-gnu/cmake/Qt5Network/Qt5NetworkConfig.cmake">
			<Option virtualFolder="CMake Files\..\..\..\..\..\usr\lib\aarch64-linux-gnu\cmake\Qt5Network\"/>
		</Unit>
		<Unit filename="/data/home/uos/11111111111111111/xdg-desktop-portal-kde/../../../../../usr/lib/aarch64-linux-gnu/cmake/Qt5Network/Qt5NetworkConfigVersion.cmake">
			<Option virtualFolder="CMake Files\..\..\..\..\..\usr\lib\aarch64-linux-gnu\cmake\Qt5Network\"/>
		</Unit>
		<Unit filename="/data/home/uos/11111111111111111/xdg-desktop-portal-kde/../../../../../usr/lib/aarch64-linux-gnu/cmake/KF5Notifications/KF5NotificationsConfig.cmake">
			<Option virtualFolder="CMake Files\..\..\..\..\..\usr\lib\aarch64-linux-gnu\cmake\KF5Notifications\"/>
		</Unit>
		<Unit filename="/data/home/uos/11111111111111111/xdg-desktop-portal-kde/../../../../../usr/lib/aarch64-linux-gnu/cmake/KF5Notifications/KF5NotificationsConfigVersion.cmake">
			<Option virtualFolder="CMake Files\..\..\..\..\..\usr\lib\aarch64-linux-gnu\cmake\KF5Notifications\"/>
		</Unit>
		<Unit filename="/data/home/uos/11111111111111111/xdg-desktop-portal-kde/../../../../../usr/lib/aarch64-linux-gnu/cmake/KF5Notifications/KF5NotificationsQchTargets.cmake">
			<Option virtualFolder="CMake Files\..\..\..\..\..\usr\lib\aarch64-linux-gnu\cmake\KF5Notifications\"/>
		</Unit>
		<Unit filename="/data/home/uos/11111111111111111/xdg-desktop-portal-kde/../../../../../usr/lib/aarch64-linux-gnu/cmake/KF5Notifications/KF5NotificationsTargets-debian.cmake">
			<Option virtualFolder="CMake Files\..\..\..\..\..\usr\lib\aarch64-linux-gnu\cmake\KF5Notifications\"/>
		</Unit>
		<Unit filename="/data/home/uos/11111111111111111/xdg-desktop-portal-kde/../../../../../usr/lib/aarch64-linux-gnu/cmake/KF5Notifications/KF5NotificationsTargets.cmake">
			<Option virtualFolder="CMake Files\..\..\..\..\..\usr\lib\aarch64-linux-gnu\cmake\KF5Notifications\"/>
		</Unit>
		<Unit filename="/data/home/uos/11111111111111111/xdg-desktop-portal-kde/../../../../../usr/lib/aarch64-linux-gnu/cmake/KF5WindowSystem/KF5WindowSystemConfig.cmake">
			<Option virtualFolder="CMake Files\..\..\..\..\..\usr\lib\aarch64-linux-gnu\cmake\KF5WindowSystem\"/>
		</Unit>
		<Unit filename="/data/home/uos/11111111111111111/xdg-desktop-portal-kde/../../../../../usr/lib/aarch64-linux-gnu/cmake/KF5WindowSystem/KF5WindowSystemConfigVersion.cmake">
			<Option virtualFolder="CMake Files\..\..\..\..\..\usr\lib\aarch64-linux-gnu\cmake\KF5WindowSystem\"/>
		</Unit>
		<Unit filename="/data/home/uos/11111111111111111/xdg-desktop-portal-kde/../../../../../usr/lib/aarch64-linux-gnu/cmake/KF5WindowSystem/KF5WindowSystemQchTargets.cmake">
			<Option virtualFolder="CMake Files\..\..\..\..\..\usr\lib\aarch64-linux-gnu\cmake\KF5WindowSystem\"/>
		</Unit>
		<Unit filename="/data/home/uos/11111111111111111/xdg-desktop-portal-kde/../../../../../usr/lib/aarch64-linux-gnu/cmake/KF5WindowSystem/KF5WindowSystemTargets-debian.cmake">
			<Option virtualFolder="CMake Files\..\..\..\..\..\usr\lib\aarch64-linux-gnu\cmake\KF5WindowSystem\"/>
		</Unit>
		<Unit filename="/data/home/uos/11111111111111111/xdg-desktop-portal-kde/../../../../../usr/lib/aarch64-linux-gnu/cmake/KF5WindowSystem/KF5WindowSystemTargets.cmake">
			<Option virtualFolder="CMake Files\..\..\..\..\..\usr\lib\aarch64-linux-gnu\cmake\KF5WindowSystem\"/>
		</Unit>
		<Unit filename="/data/home/uos/11111111111111111/xdg-desktop-portal-kde/../../../../../usr/local/lib/aarch64-linux-gnu/cmake/KF5Wayland/KF5WaylandConfig.cmake">
			<Option virtualFolder="CMake Files\..\..\..\..\..\usr\local\lib\aarch64-linux-gnu\cmake\KF5Wayland\"/>
		</Unit>
		<Unit filename="/data/home/uos/11111111111111111/xdg-desktop-portal-kde/../../../../../usr/local/lib/aarch64-linux-gnu/cmake/KF5Wayland/KF5WaylandConfigVersion.cmake">
			<Option virtualFolder="CMake Files\..\..\..\..\..\usr\local\lib\aarch64-linux-gnu\cmake\KF5Wayland\"/>
		</Unit>
		<Unit filename="/data/home/uos/11111111111111111/xdg-desktop-portal-kde/../../../../../usr/local/lib/aarch64-linux-gnu/cmake/KF5Wayland/KF5WaylandTargets-noconfig.cmake">
			<Option virtualFolder="CMake Files\..\..\..\..\..\usr\local\lib\aarch64-linux-gnu\cmake\KF5Wayland\"/>
		</Unit>
		<Unit filename="/data/home/uos/11111111111111111/xdg-desktop-portal-kde/../../../../../usr/local/lib/aarch64-linux-gnu/cmake/KF5Wayland/KF5WaylandTargets.cmake">
			<Option virtualFolder="CMake Files\..\..\..\..\..\usr\local\lib\aarch64-linux-gnu\cmake\KF5Wayland\"/>
		</Unit>
		<Unit filename="/data/home/uos/11111111111111111/xdg-desktop-portal-kde/cmake/modules/FindEpoxy.cmake">
			<Option virtualFolder="CMake Files\cmake\modules\"/>
		</Unit>
		<Unit filename="/data/home/uos/11111111111111111/xdg-desktop-portal-kde/cmake/modules/FindGBM.cmake">
			<Option virtualFolder="CMake Files\cmake\modules\"/>
		</Unit>
		<Unit filename="/data/home/uos/11111111111111111/xdg-desktop-portal-kde/cmake/modules/FindPipeWire.cmake">
			<Option virtualFolder="CMake Files\cmake\modules\"/>
		</Unit>
		<Unit filename="/data/home/uos/11111111111111111/xdg-desktop-portal-kde/data/CMakeLists.txt">
			<Option virtualFolder="CMake Files\data\"/>
		</Unit>
		<Unit filename="/data/home/uos/11111111111111111/xdg-desktop-portal-kde/data/org.freedesktop.impl.portal.desktop.kde.cmake.in">
			<Option virtualFolder="CMake Files\data\"/>
		</Unit>
		<Unit filename="/data/home/uos/11111111111111111/xdg-desktop-portal-kde/src/CMakeLists.txt">
			<Option virtualFolder="CMake Files\src\"/>
		</Unit>
	</Project>
</CodeBlocks_project_file>
